{
  "version": "5",
  "specifiers": {
    "npm:@monaco-editor/react@^4.6.0": "4.7.0_monaco-editor@0.53.0_react@18.3.1_react-dom@18.3.1",
    "npm:@radix-ui/react-dialog@^1.1.15": "1.1.15_@types+react@18.3.24_@types+react-dom@18.3.7_react@18.3.1_react-dom@18.3.1",
    "npm:@radix-ui/react-dropdown-menu@^2.1.16": "2.1.16_@types+react@18.3.24_@types+react-dom@18.3.7_react@18.3.1_react-dom@18.3.1",
    "npm:@radix-ui/react-label@^2.1.7": "2.1.7_@types+react@18.3.24_@types+react-dom@18.3.7_react@18.3.1_react-dom@18.3.1",
    "npm:@radix-ui/react-scroll-area@^1.2.10": "1.2.10_@types+react@18.3.24_@types+react-dom@18.3.7_react@18.3.1_react-dom@18.3.1",
    "npm:@radix-ui/react-select@^2.2.6": "2.2.6_@types+react@18.3.24_@types+react-dom@18.3.7_react@18.3.1_react-dom@18.3.1",
    "npm:@radix-ui/react-separator@^1.1.7": "1.1.7_@types+react@18.3.24_@types+react-dom@18.3.7_react@18.3.1_react-dom@18.3.1",
    "npm:@radix-ui/react-slot@^1.2.3": "1.2.3_@types+react@18.3.24_react@18.3.1",
    "npm:@radix-ui/react-tabs@^1.1.13": "1.1.13_@types+react@18.3.24_@types+react-dom@18.3.7_react@18.3.1_react-dom@18.3.1",
    "npm:@radix-ui/react-toast@^1.2.15": "1.2.15_@types+react@18.3.24_@types+react-dom@18.3.7_react@18.3.1_react-dom@18.3.1",
    "npm:@tanstack/react-query@^5.90.2": "5.90.2_react@18.3.1",
    "npm:@types/react-dom@^18.3.1": "18.3.7_@types+react@18.3.24",
    "npm:@types/react-syntax-highlighter@^15.5.11": "15.5.13",
    "npm:@types/react@^18.3.12": "18.3.24",
    "npm:@vitejs/plugin-react@6": "6.1.1_vite@8.3.1",
    "npm:autoprefixer@^10.4.18": "10.4.21_postcss@8.5.28",
    "npm:class-variance-authority@0.7": "0.7.1",
    "npm:clsx@^2.1.0": "2.1.1",
    "npm:date-fns@^3.3.1": "3.6.0",
    "npm:lucide-react@0.577": "0.577.0_react@18.3.1",
    "npm:postcss@^8.4.35": "8.5.28",
    "npm:react-dom@^18.3.1": "18.3.1_react@18.3.1",
    "npm:react-router-dom@^6.22.3": "6.30.1_react@18.3.1_react-dom@18.3.1",
    "npm:react-syntax-highlighter@16": "16.1.1_react@18.3.1",
    "npm:react@^18.3.1": "18.3.1",
    "npm:sonner@^1.4.3": "1.7.4_react@18.3.1_react-dom@18.3.1",
    "npm:tailwind-merge@3": "3.7.0",
    "npm:tailwindcss@4": "4.3.3",
    "npm:typescript@^5.7.2": "5.9.2",
    "npm:vite@8": "8.3.1",
    "npm:zustand@^4.5.2": "4.5.7_@types+react@18.3.24_react@18.3.1"
  },
  "npm": {
    "@babel/runtime@7.29.7": {
      "integrity": "sha512-Nq8OhGWiZIZGV6hLHoyAKLLcJihP/xFeBMGJoUrxTX2psI8dCifzLhZISFb+VWS3wFMRDmCGw5R+dOySCqPLhw=="
    },
    "@floating-ui/core@1.7.3": {
      "integrity": "sha512-sGnvb5dmrJaKEZ+LDIpguvdX3bDlEllmv4/ClQ9awcmCZrlx5jQyyMWFM5kBI+EyNOCDDiKk8il0zeuX3Zlg/w==",
      "dependencies": [
        "@floating-ui/utils"
      ]
    },
    "@floating-ui/dom@1.7.4": {
      "integrity": "sha512-OOchDgh4F2CchOX94cRVqhvy7b3AFb+/rQXyswmzmGakRfkMgoWVjfnLWkRirfLEfuD4ysVW16eXzwt3jHIzKA==",
      "dependencies": [
        "@floating-ui/core",
        "@floating-ui/utils"
      ]
    },
    "@floating-ui/react-dom@2.1.6_react@18.3.1_react-dom@18.3.1": {
      "integrity": "sha512-4JX6rEatQEvlmgU80wZyq9RT96HZJa88q8hp0pBd+LrczeDI4o6uA2M+uvxngVHo4Ihr8uibXxH6+70zhAFrVw==",
      "dependencies": [
        "@floating-ui/dom",
        "react",
        "react-dom"
      ]
    },
    "@floating-ui/utils@0.2.10": {
      "integrity": "sha512-aGTxbpbg8/b5JfU1HXSrbH3wXZuLPJcNEcZQFMxLs3oSzgtVu6nFPkbbGGUvBcUjKV2YyB9Wxxabo+HEH9tcRQ=="
    },
    "@monaco-editor/loader@1.5.0": {
      "integrity": "sha512-hKoGSM+7aAc7eRTRjpqAZucPmoNOC4UUbknb/VNoTkEIkCPhqV8LfbsgM1webRM7S/z21eHEx9Fkwx8Z/C/+Xw==",
      "dependencies": [
        "state-local"
      ]
    },
    "@monaco-editor/react@4.7.0_monaco-editor@0.53.0_react@18.3.1_react-dom@18.3.1": {
      "integrity": "sha512-cyzXQCtO47ydzxpQtCGSQGOC8Gk3ZUeBXFAxD+CWXYFo5OqZyZUonFl0DwUlTyAfRHntBfw2p3w4s9R6oe1eCA==",
      "dependencies": [
        "@monaco-editor/loader",
        "monaco-editor",
        "react",
        "react-dom"
      ]
    },
    "@oxc-project/types@0.151.0": {
      "integrity": "sha512-J1yXrIlNDZVzE3ada310xeAw7nH8yCAyLPuUIsjKatFPmfn5bS1oW+cM+QsGOtVWd5nhSpbwZWx/rue+r5Z+PA=="
    },
    "@radix-ui/number@1.1.1": {
      "integrity": "sha512-MkKCwxlXTgz6CFoJx3pCwn07GKp36+aZyu/u2Ln2VrA5DcdyCZkASEDBTd8x5whTQQL5CiYf4prXKLcgQdv29g=="
    },
    "@radix-ui/primitive@1.1.3": {
      "integrity": "sha512-JTF99U/6XIjCBo0wqkU5sK10glYe27MRRsfwoiq5zzOEZLHU3A3KCMa5X/azekYRCJ0HlwI0crAXS/5dEHTzDg=="
    },
    "@radix-ui/react-arrow@1.1.7_@types+react@18.3.24_@types+react-dom@18.3.7_react@18.3.1_react-dom@18.3.1": {
      "integrity": "sha512-F+M1tLhO+mlQaOWspE8Wstg+z6PwxwRd8oQ8IXceWz92kfAmalTRf0EjrouQeo7QssEPfCn05B4Ihs1K9WQ/7w==",
      "dependencies": [
        "@radix-ui/react-primitive",
        "@types/react",
        "@types/react-dom",
        "react",
        "react-dom"
      ],
      "optionalPeers": [
        "@types/react",
        "@types/react-dom"
      ]
    },
    "@radix-ui/react-collection@1.1.7_@types+react@18.3.24_@types+react-dom@18.3.7_react@18.3.1_react-dom@18.3.1": {
      "integrity": "sha512-Fh9rGN0MoI4ZFUNyfFVNU4y9LUz93u9/0K+yLgA2bwRojxM8JU1DyvvMBabnZPBgMWREAJvU2jjVzq+LrFUglw==",
      "dependencies": [
        "@radix-ui/react-compose-refs",
        "@radix-ui/react-context",
        "@radix-ui/react-primitive",
        "@radix-ui/react-slot",
        "@types/react",
        "@types/react-dom",
        "react",
        "react-dom"
      ],
      "optionalPeers": [
        "@types/react",
        "@types/react-dom"
      ]
    },
    "@radix-ui/react-compose-refs@1.1.2_@types+react@18.3.24_react@18.3.1": {
      "integrity": "sha512-z4eqJvfiNnFMHIIvXP3CY57y2WJs5g2v3X0zm9mEJkrkNv4rDxu+sg9Jh8EkXyeqBkB7SOcboo9dMVqhyrACIg==",
      "dependencies": [
        "@types/react",
        "react"
      ],
      "optionalPeers": [
        "@types/react"
      ]
    },
    "@radix-ui/react-context@1.1.2_@types+react@18.3.24_react@18.3.1": {
      "integrity": "sha512-jCi/QKUM2r1Ju5a3J64TH2A5SpKAgh0LpknyqdQ4m6DCV0xJ2HG1xARRwNGPQfi1SLdLWZ1OJz6F4OMBBNiGJA==",
      "dependencies": [
        "@types/react",
        "react"
      ],
      "optionalPeers": [
        "@types/react"
      ]
    },
    "@radix-ui/react-dialog@1.1.15_@types+react@18.3.24_@types+react-dom@18.3.7_react@18.3.1_react-dom@18.3.1": {
      "integrity": "sha512-TCglVRtzlffRNxRMEyR36DGBLJpeusFcgMVD9PZEzAKnUs1lKCgX5u9BmC2Yg+LL9MgZDugFFs1Vl+Jp4t/PGw==",
      "dependencies": [
        "@radix-ui/primitive",
        "@radix-ui/react-compose-refs",
        "@radix-ui/react-context",
        "@radix-ui/react-dismissable-layer",
        "@radix-ui/react-focus-guards",
        "@radix-ui/react-focus-scope",
        "@radix-ui/react-id",
        "@radix-ui/react-portal",
        "@radix-ui/react-presence",
        "@radix-ui/react-primitive",
        "@radix-ui/react-slot",
        "@radix-ui/react-use-controllable-state",
        "@types/react",
        "@types/react-dom",
        "aria-hidden",
        "react",
        "react-dom",
        "react-remove-scroll"
      ],
      "optionalPeers": [
        "@types/react",
        "@types/react-dom"
      ]
    },
    "@radix-ui/react-direction@1.1.1_@types+react@18.3.24_react@18.3.1": {
      "integrity": "sha512-1UEWRX6jnOA2y4H5WczZ44gOOjTEmlqv1uNW4GAJEO5+bauCBhv8snY65Iw5/VOS/ghKN9gr2KjnLKxrsvoMVw==",
      "dependencies": [
        "@types/react",
        "react"
      ],
      "optionalPeers": [
        "@types/react"
      ]
    },
    "@radix-ui/react-dismissable-layer@1.1.11_@types+react@18.3.24_@types+react-dom@18.3.7_react@18.3.1_react-dom@18.3.1": {
      "integrity": "sha512-Nqcp+t5cTB8BinFkZgXiMJniQH0PsUt2k51FUhbdfeKvc4ACcG2uQniY/8+h1Yv6Kza4Q7lD7PQV0z0oicE0Mg==",
      "dependencies": [
        "@radix-ui/primitive",
        "@radix-ui/react-compose-refs",
        "@radix-ui/react-primitive",
        "@radix-ui/react-use-callback-ref",
        "@radix-ui/react-use-escape-keydown",
        "@types/react",
        "@types/react-dom",
        "react",
        "react-dom"
      ],
      "optionalPeers": [
        "@types/react",
        "@types/react-dom"
      ]
    },
    "@radix-ui/react-dropdown-menu@2.1.16_@types+react@18.3.24_@types+react-dom@18.3.7_react@18.3.1_react-dom@18.3.1": {
      "integrity": "sha512-1PLGQEynI/3OX/ftV54COn+3Sud/Mn8vALg2rWnBLnRaGtJDduNW/22XjlGgPdpcIbiQxjKtb7BkcjP00nqfJw==",
      "dependencies": [
        "@radix-ui/primitive",
        "@radix-ui/react-compose-refs",
        "@radix-ui/react-context",
        "@radix-ui/react-id",
        "@radix-ui/react-menu",
        "@radix-ui/react-primitive",
        "@radix-ui/react-use-controllable-state",
        "@types/react",
        "@types/react-dom",
        "react",
        "react-dom"
      ],
      "optionalPeers": [
        "@types/react",
        "@types/react-dom"
      ]
    },
    "@radix-ui/react-focus-guards@1.1.3_@types+react@18.3.24_react@18.3.1": {
      "integrity": "sha512-0rFg/Rj2Q62NCm62jZw0QX7a3sz6QCQU0LpZdNrJX8byRGaGVTqbrW9jAoIAHyMQqsNpeZ81YgSizOt5WXq0Pw==",
      "dependencies": [
        "@types/react",
        "react"
      ],
      "optionalPeers": [
        "@types/react"
      ]
    },
    "@radix-ui/react-focus-scope@1.1.7_@types+react@18.3.24_@types+react-dom@18.3.7_react@18.3.1_react-dom@18.3.1": {
      "integrity": "sha512-t2ODlkXBQyn7jkl6TNaw/MtVEVvIGelJDCG41Okq/KwUsJBwQ4XVZsHAVUkK4mBv3ewiAS3PGuUWuY2BoK4ZUw==",
      "dependencies": [
        "@radix-ui/react-compose-refs",
        "@radix-ui/react-primitive",
        "@radix-ui/react-use-callback-ref",
        "@types/react",
        "@types/react-dom",
        "react",
        "react-dom"
      ],
      "optionalPeers": [
        "@types/react",
        "@types/react-dom"
      ]
    },
    "@radix-ui/react-id@1.1.1_@types+react@18.3.24_react@18.3.1": {
      "integrity": "sha512-kGkGegYIdQsOb4XjsfM97rXsiHaBwco+hFI66oO4s9LU+PLAC5oJ7khdOVFxkhsmlbpUqDAvXw11CluXP+jkHg==",
      "dependencies": [
        "@radix-ui/react-use-layout-effect",
        "@types/react",
        "react"
      ],
      "optionalPeers": [
        "@types/react"
      ]
    },
    "@radix-ui/react-label@2.1.7_@types+react@18.3.24_@types+react-dom@18.3.7_react@18.3.1_react-dom@18.3.1": {
      "integrity": "sha512-YT1GqPSL8kJn20djelMX7/cTRp/Y9w5IZHvfxQTVHrOqa2yMl7i/UfMqKRU5V7mEyKTrUVgJXhNQPVCG8PBLoQ==",
      "dependencies": [
        "@radix-ui/react-primitive",
        "@types/react",
        "@types/react-dom",
        "react",
        "react-dom"
      ],
      "optionalPeers": [
        "@types/react",
        "@types/react-dom"
      ]
    },
    "@radix-ui/react-menu@2.1.16_@types+react@18.3.24_@types+react-dom@18.3.7_react@18.3.1_react-dom@18.3.1": {
      "integrity": "sha512-72F2T+PLlphrqLcAotYPp0uJMr5SjP5SL01wfEspJbru5Zs5vQaSHb4VB3ZMJPimgHHCHG7gMOeOB9H3Hdmtxg==",
      "dependencies": [
        "@radix-ui/primitive",
        "@radix-ui/react-collection",
        "@radix-ui/react-compose-refs",
        "@radix-ui/react-context",
        "@radix-ui/react-direction",
        "@radix-ui/react-dismissable-layer",
        "@radix-ui/react-focus-guards",
        "@radix-ui/react-focus-scope",
        "@radix-ui/react-id",
        "@radix-ui/react-popper",
        "@radix-ui/react-portal",
        "@radix-ui/react-presence",
        "@radix-ui/react-primitive",
        "@radix-ui/react-roving-focus",
        "@radix-ui/react-slot",
        "@radix-ui/react-use-callback-ref",
        "@types/react",
        "@types/react-dom",
        "aria-hidden",
        "react",
        "react-dom",
        "react-remove-scroll"
      ],
      "optionalPeers": [
        "@types/react",
        "@types/react-dom"
      ]
    },
    "@radix-ui/react-popper@1.2.8_@types+react@18.3.24_@types+react-dom@18.3.7_react@18.3.1_react-dom@18.3.1": {
      "integrity": "sha512-0NJQ4LFFUuWkE7Oxf0htBKS6zLkkjBH+hM1uk7Ng705ReR8m/uelduy1DBo0PyBXPKVnBA6YBlU94MBGXrSBCw==",
      "dependencies": [
        "@floating-ui/react-dom",
        "@radix-ui/react-arrow",
        "@radix-ui/react-compose-refs",
        "@radix-ui/react-context",
        "@radix-ui/react-primitive",
        "@radix-ui/react-use-callback-ref",
        "@radix-ui/react-use-layout-effect",
        "@radix-ui/react-use-rect",
        "@radix-ui/react-use-size",
        "@radix-ui/rect",
        "@types/react",
        "@types/react-dom",
        "react",
        "react-dom"
      ],
      "optionalPeers": [
        "@types/react",
        "@types/react-dom"
      ]
    },
    "@radix-ui/react-portal@1.1.9_@types+react@18.3.24_@types+react-dom@18.3.7_react@18.3.1_react-dom@18.3.1": {
      "integrity": "sha512-bpIxvq03if6UNwXZ+HTK71JLh4APvnXntDc6XOX8UVq4XQOVl7lwok0AvIl+b8zgCw3fSaVTZMpAPPagXbKmHQ==",
      "dependencies": [
        "@radix-ui/react-primitive",
        "@radix-ui/react-use-layout-effect",
        "@types/react",
        "@types/react-dom",
        "react",
        "react-dom"
      ],
      "optionalPeers": [
        "@types/react",
        "@types/react-dom"
      ]
    },
    "@radix-ui/react-presence@1.1.5_@types+react@18.3.24_@types+react-dom@18.3.7_react@18.3.1_react-dom@18.3.1": {
      "integrity": "sha512-/jfEwNDdQVBCNvjkGit4h6pMOzq8bHkopq458dPt2lMjx+eBQUohZNG9A7DtO/O5ukSbxuaNGXMjHicgwy6rQQ==",
      "dependencies": [
        "@radix-ui/react-compose-refs",
        "@radix-ui/react-use-layout-effect",
        "@types/react",
        "@types/react-dom",
        "react",
        "react-dom"
      ],
      "optionalPeers": [
        "@types/react",
        "@types/react-dom"
      ]
    },
    "@radix-ui/react-primitive@2.1.3_@types+react@18.3.24_@types+react-dom@18.3.7_react@18.3.1_react-dom@18.3.1": {
      "integrity": "sha512-m9gTwRkhy2lvCPe6QJp4d3G1TYEUHn/FzJUtq9MjH46an1wJU+GdoGC5VLof8RX8Ft/DlpshApkhswDLZzHIcQ==",
      "dependencies": [
        "@radix-ui/react-slot",
        "@types/react",
        "@types/react-dom",
        "react",
        "react-dom"
      ],
      "optionalPeers": [
        "@types/react",
        "@types/react-dom"
      ]
    },
    "@radix-ui/react-roving-focus@1.1.11_@types+react@18.3.24_@types+react-dom@18.3.7_react@18.3.1_react-dom@18.3.1": {
      "integrity": "sha512-7A6S9jSgm/S+7MdtNDSb+IU859vQqJ/QAtcYQcfFC6W8RS4IxIZDldLR0xqCFZ6DCyrQLjLPsxtTNch5jVA4lA==",
      "dependencies": [
        "@radix-ui/primitive",
        "@radix-ui/react-collection",
        "@radix-ui/react-compose-refs",
        "@radix-ui/react-context",
        "@radix-ui/react-direction",
        "@radix-ui/react-id",
        "@radix-ui/react-primitive",
        "@radix-ui/react-use-callback-ref",
        "@radix-ui/react-use-controllable-state",
        "@types/react",
        "@types/react-dom",
        "react",
        "react-dom"
      ],
      "optionalPeers": [
        "@types/react",
        "@types/react-dom"
      ]
    },
    "@radix-ui/react-scroll-area@1.2.10_@types+react@18.3.24_@types+react-dom@18.3.7_react@18.3.1_react-dom@18.3.1": {
      "integrity": "sha512-tAXIa1g3sM5CGpVT0uIbUx/U3Gs5N8T52IICuCtObaos1S8fzsrPXG5WObkQN3S6NVl6wKgPhAIiBGbWnvc97A==",
      "dependencies": [
        "@radix-ui/number",
        "@radix-ui/primitive",
        "@radix-ui/react-compose-refs",
        "@radix-ui/react-context",
        "@radix-ui/react-direction",
        "@radix-ui/react-presence",
        "@radix-ui/react-primitive",
        "@radix-ui/react-use-callback-ref",
        "@radix-ui/react-use-layout-effect",
        "@types/react",
        "@types/react-dom",
        "react",
        "react-dom"
      ],
      "optionalPeers": [
        "@types/react",
        "@types/react-dom"
      ]
    },
    "@radix-ui/react-select@2.2.6_@types+react@18.3.24_@types+react-dom@18.3.7_react@18.3.1_react-dom@18.3.1": {
      "integrity": "sha512-I30RydO+bnn2PQztvo25tswPH+wFBjehVGtmagkU78yMdwTwVf12wnAOF+AeP8S2N8xD+5UPbGhkUfPyvT+mwQ==",
      "dependencies": [
        "@radix-ui/number",
        "@radix-ui/primitive",
        "@radix-ui/react-collection",
        "@radix-ui/react-compose-refs",
        "@radix-ui/react-context",
        "@radix-ui/react-direction",
        "@radix-ui/react-dismissable-layer",
        "@radix-ui/react-focus-guards",
        "@radix-ui/react-focus-scope",
        "@radix-ui/react-id",
        "@radix-ui/react-popper",
        "@radix-ui/react-portal",
        "@radix-ui/react-primitive",
        "@radix-ui/react-slot",
        "@radix-ui/react-use-callback-ref",
        "@radix-ui/react-use-controllable-state",
        "@radix-ui/react-use-layout-effect",
        "@radix-ui/react-use-previous",
        "@radix-ui/react-visually-hidden",
        "@types/react",
        "@types/react-dom",
        "aria-hidden",
        "react",
        "react-dom",
        "react-remove-scroll"
      ],
      "optionalPeers": [
        "@types/react",
        "@types/react-dom"
      ]
    },
    "@radix-ui/react-separator@1.1.7_@types+react@18.3.24_@types+react-dom@18.3.7_react@18.3.1_react-dom@18.3.1": {
      "integrity": "sha512-0HEb8R9E8A+jZjvmFCy/J4xhbXy3TV+9XSnGJ3KvTtjlIUy/YQ/p6UYZvi7YbeoeXdyU9+Y3scizK6hkY37baA==",
      "dependencies": [
        "@radix-ui/react-primitive",
        "@types/react",
        "@types/react-dom",
        "react",
        "react-dom"
      ],
      "optionalPeers": [
        "@types/react",
        "@types/react-dom"
      ]
    },
    "@radix-ui/react-slot@1.2.3_@types+react@18.3.24_react@18.3.1": {
      "integrity": "sha512-aeNmHnBxbi2St0au6VBVC7JXFlhLlOnvIIlePNniyUNAClzmtAUEY8/pBiK3iHjufOlwA+c20/8jngo7xcrg8A==",
      "dependencies": [
        "@radix-ui/react-compose-refs",
        "@types/react",
        "react"
      ],
      "optionalPeers": [
        "@types/react"
      ]
    },
    "@radix-ui/react-tabs@1.1.13_@types+react@18.3.24_@types+react-dom@18.3.7_react@18.3.1_react-dom@18.3.1": {
      "integrity": "sha512-7xdcatg7/U+7+Udyoj2zodtI9H/IIopqo+YOIcZOq1nJwXWBZ9p8xiu5llXlekDbZkca79a/fozEYQXIA4sW6A==",
      "dependencies": [
        "@radix-ui/primitive",
        "@radix-ui/react-context",
        "@radix-ui/react-direction",
        "@radix-ui/react-id",
        "@radix-ui/react-presence",
        "@radix-ui/react-primitive",
        "@radix-ui/react-roving-focus",
        "@radix-ui/react-use-controllable-state",
        "@types/react",
        "@types/react-dom",
        "react",
        "react-dom"
      ],
      "optionalPeers": [
        "@types/react",
        "@types/react-dom"
      ]
    },
    "@radix-ui/react-toast@1.2.15_@types+react@18.3.24_@types+react-dom@18.3.7_react@18.3.1_react-dom@18.3.1": {
      "integrity": "sha512-3OSz3TacUWy4WtOXV38DggwxoqJK4+eDkNMl5Z/MJZaoUPaP4/9lf81xXMe1I2ReTAptverZUpbPY4wWwWyL5g==",
      "dependencies": [
        "@radix-ui/primitive",
        "@radix-ui/react-collection",
        "@radix-ui/react-compose-refs",
        "@radix-ui/react-context",
        "@radix-ui/react-dismissable-layer",
        "@radix-ui/react-portal",
        "@radix-ui/react-presence",
        "@radix-ui/react-primitive",
        "@radix-ui/react-use-callback-ref",
        "@radix-ui/react-use-controllable-state",
        "@radix-ui/react-use-layout-effect",
        "@radix-ui/react-visually-hidden",
        "@types/react",
        "@types/react-dom",
        "react",
        "react-dom"
      ],
      "optionalPeers": [
        "@types/react",
        "@types/react-dom"
      ]
    },
    "@radix-ui/react-use-callback-ref@1.1.1_@types+react@18.3.24_react@18.3.1": {
      "integrity": "sha512-FkBMwD+qbGQeMu1cOHnuGB6x4yzPjho8ap5WtbEJ26umhgqVXbhekKUQO+hZEL1vU92a3wHwdp0HAcqAUF5iDg==",
      "dependencies": [
        "@types/react",
        "react"
      ],
      "optionalPeers": [
        "@types/react"
      ]
    },
    "@radix-ui/react-use-controllable-state@1.2.2_@types+react@18.3.24_react@18.3.1": {
      "integrity": "sha512-BjasUjixPFdS+NKkypcyyN5Pmg83Olst0+c6vGov0diwTEo6mgdqVR6hxcEgFuh4QrAs7Rc+9KuGJ9TVCj0Zzg==",
      "dependencies": [
        "@radix-ui/react-use-effect-event",
        "@radix-ui/react-use-layout-effect",
        "@types/react",
        "react"
      ],
      "optionalPeers": [
        "@types/react"
      ]
    },
    "@radix-ui/react-use-effect-event@0.0.2_@types+react@18.3.24_react@18.3.1": {
      "integrity": "sha512-Qp8WbZOBe+blgpuUT+lw2xheLP8q0oatc9UpmiemEICxGvFLYmHm9QowVZGHtJlGbS6A6yJ3iViad/2cVjnOiA==",
      "dependencies": [
        "@radix-ui/react-use-layout-effect",
        "@types/react",
        "react"
      ],
      "optionalPeers": [
        "@types/react"
      ]
    },
    "@radix-ui/react-use-escape-keydown@1.1.1_@types+react@18.3.24_react@18.3.1": {
      "integrity": "sha512-Il0+boE7w/XebUHyBjroE+DbByORGR9KKmITzbR7MyQ4akpORYP/ZmbhAr0DG7RmmBqoOnZdy2QlvajJ2QA59g==",
      "dependencies": [
        "@radix-ui/react-use-callback-ref",
        "@types/react",
        "react"
      ],
      "optionalPeers": [
        "@types/react"
      ]
    },
    "@radix-ui/react-use-layout-effect@1.1.1_@types+react@18.3.24_react@18.3.1": {
      "integrity": "sha512-RbJRS4UWQFkzHTTwVymMTUv8EqYhOp8dOOviLj2ugtTiXRaRQS7GLGxZTLL1jWhMeoSCf5zmcZkqTl9IiYfXcQ==",
      "dependencies": [
        "@types/react",
        "react"
      ],
      "optionalPeers": [
        "@types/react"
      ]
    },
    "@radix-ui/react-use-previous@1.1.1_@types+react@18.3.24_react@18.3.1": {
      "integrity": "sha512-2dHfToCj/pzca2Ck724OZ5L0EVrr3eHRNsG/b3xQJLA2hZpVCS99bLAX+hm1IHXDEnzU6by5z/5MIY794/a8NQ==",
      "dependencies": [
        "@types/react",
        "react"
      ],
      "optionalPeers": [
        "@types/react"
      ]
    },
    "@radix-ui/react-use-rect@1.1.1_@types+react@18.3.24_react@18.3.1": {
      "integrity": "sha512-QTYuDesS0VtuHNNvMh+CjlKJ4LJickCMUAqjlE3+j8w+RlRpwyX3apEQKGFzbZGdo7XNG1tXa+bQqIE7HIXT2w==",
      "dependencies": [
        "@radix-ui/rect",
        "@types/react",
        "react"
      ],
      "optionalPeers": [
        "@types/react"
      ]
    },
    "@radix-ui/react-use-size@1.1.1_@types+react@18.3.24_react@18.3.1": {
      "integrity": "sha512-ewrXRDTAqAXlkl6t/fkXWNAhFX9I+CkKlw6zjEwk86RSPKwZr3xpBRso655aqYafwtnbpHLj6toFzmd6xdVptQ==",
      "dependencies": [
        "@radix-ui/react-use-layout-effect",
        "@types/react",
        "react"
      ],
      "optionalPeers": [
        "@types/react"
      ]
    },
    "@radix-ui/react-visually-hidden@1.2.3_@types+react@18.3.24_@types+react-dom@18.3.7_react@18.3.1_react-dom@18.3.1": {
      "integrity": "sha512-pzJq12tEaaIhqjbzpCuv/OypJY/BPavOofm+dbab+MHLajy277+1lLm6JFcGgF5eskJ6mquGirhXY2GD/8u8Ug==",
      "dependencies": [
        "@radix-ui/react-primitive",
        "@types/react",
        "@types/react-dom",
        "react",
        "react-dom"
      ],
      "optionalPeers": [
        "@types/react",
        "@types/react-dom"
      ]
    },
    "@radix-ui/rect@1.1.1": {
      "integrity": "sha512-HPwpGIzkl28mWyZqG52jiqDJ12waP11Pa1lGoiyUkIEuMLBP0oeK/C89esbXrxsky5we7dfd8U58nm0SgAWpVw=="
    },
    "@remix-run/router@1.23.0": {
      "integrity": "sha512-O3rHJzAQKamUz1fvE0Qaw0xSFqsA/yafi2iqeE0pvdFtCO1viYx8QL6f3Ln/aCCTLxs68SLf0KPM9eSeM8yBnA=="
    },
    "@rolldown/binding-android-arm-eabi@1.2.11": {
      "integrity": "sha512-A5kXfGKvKWWZE0TtPrfsvT+q4Y5d1QG8gGUzpYjGydM+fARM9MuX90PrXYXe0XbsDVgyxxNzHo6giCj90bsFNw==",
      "os": ["android"],
      "cpu": ["arm"]
    },
    "@rolldown/binding-android-arm64@1.2.11": {
      "integrity": "sha512-z6cTycz+iJ4PVkuL4HHW4DfTfoeU/2nqYYuSOrTmH7yHK5Y0LCOnA03V4ZNxavyVaU1oOqUgIg2klN/s+USGOA==",
      "os": ["android"],
      "cpu": ["arm64"]
    },
    "@rolldown/binding-darwin-arm64@1.2.11": {
      "integrity": "sha512-jShvqNtP6vDC6/A5JOAzbVV+DkgHqhl/ScVCJEbt+TUY6QYz7YnXcrg3sLtFBniro0f/Ld50ZwCWA6f7KYD1nQ==",
      "os": ["darwin"],
      "cpu": ["arm64"]
    },
    "@rolldown/binding-darwin-x64@1.2.11": {
      "integrity": "sha512-f2i2xiNWq1Z1l2++q2fuhZRdLAT3aqxD6vRNm1RAxpUoBcdqNB3C0s1Bt+K+PbEx2F5F4gQp6hqKkphCY/xF9w==",
      "os": ["darwin"],
      "cpu": ["x64"]
    },
    "@rolldown/binding-freebsd-x64@1.2.11": {
      "integrity": "sha512-4Ir5FSOKIAMr4r0kExpt1s3bMgzJU3rA45AYOHtQpls0oNeqcYBKrWMlckrYH4KCfGLfkfn1tN1dmZPMVsdXow==",
      "os": ["freebsd"],
      "cpu": ["x64"]
    },
    "@rolldown/binding-linux-arm-gnueabihf@1.2.11": {
      "integrity": "sha512-/gnRDM+39BROzAN/k1OZjDPnDMcZxB/0EUxKjONO5yVkNEvlsoMDrxGNKgZi/ttFriS2gwlDNzB65pvNbFOXIQ==",
      "os": ["linux"],
      "cpu": ["arm"]
    },
    "@rolldown/binding-linux-arm64-gnu@1.2.11": {
      "integrity": "sha512-PFaK8HwvAHbaKbBcDNQihjMKYvFnA5hiENx/l5tphTDz1E0WFp32l0A7aq7lyUwGsRw/xSrNIy/gIK4thrSCrw==",
      "os": ["linux"],
      "cpu": ["arm64"]
    },
    "@rolldown/binding-linux-arm64-musl@1.2.11": {
      "integrity": "sha512-AskzJUIKRLPxkruR1wLKewGbOw+EYfU/9lOrBFj4AFrEA8hPpKFnODWNu2WLaNs0QNkEb9QIJufmVZZIL/bJlg==",
      "os": ["linux"],
      "cpu": ["arm64"]
    },
    "@rolldown/binding-linux-ppc64-gnu@1.2.11": {
      "integrity": "sha512-qlUGAheh2yh8afH7QBgx0PrRHN85hKnNd78x8MeMhXivuevgd8vgf6/CstOzmNKY/lLTHvNTrPy98cLnAugzJw==",
      "os": ["linux"],
      "cpu": ["ppc64"]
    },
    "@rolldown/binding-linux-s390x-gnu@1.2.11": {
      "integrity": "sha512-secpEad+0vCbSfn8upFySkDskv+bGPk3THSDS9Y89yc4rb4kzqHp8Dmyd9BkQW4SnhNXBZCl/6CrO//hZahNJQ==",
      "os": ["linux"],
      "cpu": ["s390x"]
    },
    "@rolldown/binding-linux-x64-gnu@1.2.11": {
      "integrity": "sha512-mOVBT3dPpkWm8XBWPmU4bf+U6dYDLeMo/9ojUmis4N0L5uu10qra5vOyngZ7/PSdoE4G9KvRt4bloRxNjLas7A==",
      "os": ["linux"],
      "cpu": ["x64"]
    },
    "@rolldown/binding-linux-x64-musl@1.2.11": {
      "integrity": "sha512-Is78i9A8Ui4SqcxUwFJ9uMmjDn58IbVTjFWYdQestFEgeuEmHMLGNriXnVJKkwG2YiZjw8cP0zCTyDMdDGtOOg==",
      "os": ["linux"],
      "cpu": ["x64"]
    },
    "@rolldown/binding-openharmony-arm64@1.2.11": {
      "integrity": "sha512-dUCXneZ87INUMyQ0D+C0HrEBNUPNXHaPmU5GTjyKTJEiussw9Kaj5Ln8UztPe4epV/ffvgNBEadksdYhmW6xJA==",
      "os": ["openharmony"],
      "cpu": ["arm64"]
    },
    "@rolldown/binding-win32-arm64-msvc@1.2.11": {
      "integrity": "sha512-jByxb6qfd+bH1xUd0qnfFnb17i9sWBPY2tOavJ0l3tdr3OTu+Kvtm8cd/JV5nFt657b1VqGltxg9olOEfofXWw==",
      "os": ["win32"],
      "cpu": ["arm64"]
    },
    "@rolldown/binding-win32-x64-msvc@1.2.11": {
      "integrity": "sha512-/PzKqzAJ03i19oy2ItPvyvaVjOjBCNnfaJs8yvUdGBKmiESgnrJSQ2awd81QzFbbnAmu7YO9ZnJrDCb9VSJPRA==",
      "os": ["win32"],
      "cpu": ["x64"]
    },
    "@rolldown/pluginutils@1.0.1": {
      "integrity": "sha512-2j9bGt5Jh8hj+vPtgzPtl72j0yRxHAyumoo6TNfAjsLB04UtpSvPbPcDcBMxz7n+9CYB0c1GxQFxYRg2jimqGw=="
    },
    "@tanstack/query-core@5.90.2": {
      "integrity": "sha512-k/TcR3YalnzibscALLwxeiLUub6jN5EDLwKDiO7q5f4ICEoptJ+n9+7vcEFy5/x/i6Q+Lb/tXrsKCggf5uQJXQ=="
    },
    "@tanstack/react-query@5.90.2_react@18.3.1": {
      "integrity": "sha512-CLABiR+h5PYfOWr/z+vWFt5VsOA2ekQeRQBFSKlcoW6Ndx/f8rfyVmq4LbgOM4GG2qtxAxjLYLOpCNTYm4uKzw==",
      "dependencies": [
        "@tanstack/query-core",
        "react"
      ]
    },
    "@types/hast@3.0.5": {
      "integrity": "sha512-rp/ezSWaD1m44dPKICGhiskI13nVr7qTloFwDa/IYkhhf5nzwP+zIQcIJh3WIFSBOy/H1PzB40jPjMDksN4F+g==",
      "dependencies": [
        "@types/unist"
      ]
    },
    "@types/prismjs@1.26.6": {
      "integrity": "sha512-vqlvI7qlMvcCBbVe0AKAb4f97//Hy0EBTaiW8AalRnG/xAN5zOiWWyrNqNXeq8+KAuvRewjCVY1+IPxk4RdNYw=="
    },
    "@types/prop-types@15.7.15": {
      "integrity": "sha512-F6bEyamV9jKGAFBEmlQnesRPGOQqS2+Uwi0Em15xenOxHaf2hv6L8YCVn3rPdPJOiJfPiCnLIRyvwVaqMY3MIw=="
    },
    "@types/react-dom@18.3.7_@types+react@18.3.24": {
      "integrity": "sha512-MEe3UeoENYVFXzoXEWsvcpg6ZvlrFNlOQ7EOsvhI3CfAXwzPfO8Qwuxd40nepsYKqyyVQnTdEfv68q91yLcKrQ==",
      "dependencies": [
        "@types/react"
      ]
    },
    "@types/react-syntax-highlighter@15.5.13": {
      "integrity": "sha512-uLGJ87j6Sz8UaBAooU0T6lWJ0dBmjZgN1PZTrj05TNql2/XpC6+4HhMT5syIdFUUt+FASfCeLLv4kBygNU+8qA==",
      "dependencies": [
        "@types/react"
      ]
    },
    "@types/react@18.3.24": {
      "integrity": "sha512-0dLEBsA1kI3OezMBF8nSsb7Nk19ZnsyE1LLhB8r27KbgU5H4pvuqZLdtE+aUkJVoXgTVuA+iLIwmZ0TuK4tx6A==",
      "dependencies": [
        "@types/prop-types",
        "csstype"
      ]
    },
    "@types/trusted-types@1.0.6": {
      "integrity": "sha512-230RC8sFeHoT6sSUlRO6a8cAnclO06eeiq1QDfiv2FGCLWFvvERWgwIQD4FWqD9A69BN7Lzee4OXwoMVnnsWDw=="
    },
    "@types/unist@2.0.11": {
      "integrity": "sha512-CmBKiL6NNo/OqgmMn95Fk9Whlp2mtvIv+KNpQKN2F4SjvrEesubTRWGYSg+BnWZOnlCaSTU1sMpsBOzgbYhnsA=="
    },
    "@vitejs/plugin-react@6.1.1_vite@8.3.1": {
      "integrity": "sha512-yxLaQV9gkhS8ezJqCM6+ndU7mDY6gqAg75NQ+0IjwEI8IYOmQCgkRwHKVSfWXW076DsqMo0Dk+0FK1U+M5RgFw==",
      "dependencies": [
        "@rolldown/pluginutils",
        "vite"
      ]
    },
    "aria-hidden@1.2.6": {
      "integrity": "sha512-ik3ZgC9dY/lYVVM++OISsaYDeg1tb0VtP5uL3ouh1koGOaUMDPpbFIei4JkFimWUFPn90sbMNMXQAIVOlnYKJA==",
      "dependencies": [
        "tslib"
      ]
    },
    "autoprefixer@10.4.21_postcss@8.5.28": {
      "integrity": "sha512-O+A6LWV5LDHSJD3LjHYoNi4VLsj/Whi7k6zG12xTYaU4cQ8oxQGckXNX8cRHK5yOZ/ppVHe0ZBXGzSV9jXdVbQ==",
      "dependencies": [
        "browserslist",
        "caniuse-lite",
        "fraction.js",
        "normalize-range",
        "picocolors",
        "postcss",
        "postcss-value-parser"
      ],
      "bin": true
    },
    "baseline-browser-mapping@2.8.6": {
      "integrity": "sha512-wrH5NNqren/QMtKUEEJf7z86YjfqW/2uw3IL3/xpqZUC95SSVIFXYQeeGjL6FT/X68IROu6RMehZQS5foy2BXw==",
      "bin": true
    },
    "browserslist@4.26.2": {
      "integrity": "sha512-ECFzp6uFOSB+dcZ5BK/IBaGWssbSYBHvuMeMt3MMFyhI0Z8SqGgEkBLARgpRH3hutIgPVsALcMwbDrJqPxQ65A==",
      "dependencies": [
        "baseline-browser-mapping",
        "caniuse-lite",
        "electron-to-chromium",
        "node-releases",
        "update-browserslist-db"
      ],
      "bin": true
    },
    "caniuse-lite@1.0.30001743": {
      "integrity": "sha512-e6Ojr7RV14Un7dz6ASD0aZDmQPT/A+eZU+nuTNfjqmRrmkmQlnTNWH0SKmqagx9PeW87UVqapSurtAXifmtdmw=="
    },
    "character-entities-legacy@3.0.0": {
      "integrity": "sha512-RpPp0asT/6ufRm//AJVwpViZbGM/MkjQFxJccQRHmISF/22NBtsHqAWmL+/pmkPWoIUJdWyeVleTl1wydHATVQ=="
    },
    "character-entities@2.0.2": {
      "integrity": "sha512-shx7oQ0Awen/BRIdkjkvz54PnEEI/EjwXDSIZp86/KKdbafHh1Df/RYGBhn4hbe2+uKC9FnT5UCEdyPz3ai9hQ=="
    },
    "character-reference-invalid@2.0.1": {
      "integrity": "sha512-iBZ4F4wRbyORVsu0jPV7gXkOsGYjGHPmAyv+HiHG8gi5PtC9KI2j1+v8/tlibRvjoWX027ypmG/n0HtO5t7unw=="
    },
    "class-variance-authority@0.7.1": {
      "integrity": "sha512-Ka+9Trutv7G8M6WT6SeiRWz792K5qEqIGEGzXKhAE6xOWAY6pPH8U+9IY3oCMv6kqTmLsv7Xh/2w2RigkePMsg==",
      "dependencies": [
        "clsx"
      ]
    },
    "clsx@2.1.1": {
      "integrity": "sha512-eYm0QWBtUrBWZWG0d386OGAw16Z995PiOVo2B7bjWSbHedGl5e0ZWaq65kOGgUSNesEIDkB9ISbTg/JK9dhCZA=="
    },
    "comma-separated-tokens@2.0.3": {
      "integrity": "sha512-Fu4hJdvzeylCfQPp9SGWidpzrMs7tTrlu6Vb8XGaRGck8QSNZJJp538Wrb60Lax4fPwR64ViY468OIUTbRlGZg=="
    },
    "csstype@3.1.3": {
      "integrity": "sha512-M1uQkMl8rQK/szD0LNhtqxIPLpimGm8sOBwU7lLnCpSbTyY3yeU1Vc7l4KT5zT4s/yOxHH5O7tIuuLOCnLADRw=="
    },
    "date-fns@3.6.0": {
      "integrity": "sha512-fRHTG8g/Gif+kSh50gaGEdToemgfj74aRX3swtiouboip5JDLAyDE9F11nHMIcvOaXeOC6D7SpNhi7uFyB7Uww=="
    },
    "decode-named-character-reference@1.3.0": {
      "integrity": "sha512-GtpQYB283KrPp6nRw50q3U9/VfOutZOe103qlN7BPP6Ad27xYnOIWv4lPzo8HCAL+mMZofJ9KEy30fq6MfaK6Q==",
      "dependencies": [
        "character-entities"
      ]
    },
    "detect-libc@2.1.2": {
      "integrity": "sha512-Btj2BOOO83o3WyH59e8MgXsxEQVcarkUOpEYrubB0urwnN10yQ364rsiByU11nZlqWYZm05i/of7io4mzihBtQ=="
    },
    "detect-node-es@1.1.0": {
      "integrity": "sha512-ypdmJU/TbBby2Dxibuv7ZLW3Bs1QEmM7nHjEANfohJLvE0XVujisn1qPJcZxg+qDucsr+bP6fLD1rPS3AhJ7EQ=="
    },
    "electron-to-chromium@1.5.223": {
      "integrity": "sha512-qKm55ic6nbEmagFlTFczML33rF90aU+WtrJ9MdTCThrcvDNdUHN4p6QfVN78U06ZmguqXIyMPyYhw2TrbDUwPQ=="
    },
    "escalade@3.2.0": {
      "integrity": "sha512-WUj2qlxaQtO4g6Pq5c29GTcWGDyd8itL8zTlipgECz3JesAiiOKotd8JU6otB3PACgG6xkJUyVhboMS+bje/jA=="
    },
    "fault@1.0.4": {
      "integrity": "sha512-CJ0HCB5tL5fYTEA7ToAq5+kTwd++Borf1/bifxd9iT70QcXr4MRrO3Llf8Ifs70q+SJcGHFtnIE/Nw6giCtECA==",
      "dependencies": [
        "format"
      ]
    },
    "fdir@6.5.0_picomatch@4.0.7": {
      "integrity": "sha512-tIbYtZbucOs0BRGqPJkshJUYdL+SDH7dVM8gjy+ERp3WAUjLEFJE+02kanyHtwjWOnwrKYBiwAmM0p4kLJAnXg==",
      "dependencies": [
        "picomatch"
      ],
      "optionalPeers": [
        "picomatch"
      ]
    },
    "format@0.2.2": {
      "integrity": "sha512-wzsgA6WOq+09wrU1tsJ09udeR/YZRaeArL9e1wPbFg3GG2yDnC2ldKpxs4xunpFF9DgqCqOIra3bc1HWrJ37Ww=="
    },
    "fraction.js@4.3.7": {
      "integrity": "sha512-ZsDfxO51wGAXREY55a7la9LScWpwv9RxIrYABrlvOFBlH/ShPnrtsXeuUIfXKKOVicNxQ+o8JTbJvjS4M89yew=="
    },
    "fsevents@2.3.3": {
      "integrity": "sha512-5xoDfX+fL7faATnagmWPpbFtwh/R77WmMMqqHGS65C3vvB0YHrgF+B1YmZ3441tMj5n63k0212XNoJwzlhffQw==",
      "os": ["darwin"],
      "scripts": true
    },
    "get-nonce@1.0.1": {
      "integrity": "sha512-FJhYRoDaiatfEkUK8HKlicmu/3SGFD51q3itKDGoSTysQJBnfOcxU5GxnhE1E6soB76MbT0MBtnKJuXyAx+96Q=="
    },
    "hast-util-parse-selector@4.0.0": {
      "integrity": "sha512-wkQCkSYoOGCRKERFWcxMVMOcYE2K1AaNLU8DXS9arxnLOUEWbOXKXiJUNzEpqZ3JOKpnha3jkFrumEjVliDe7A==",
      "dependencies": [
        "@types/hast"
      ]
    },
    "hastscript@9.0.1": {
      "integrity": "sha512-g7df9rMFX/SPi34tyGCyUBREQoKkapwdY/T04Qn9TDWfHhAYt4/I0gMVirzK5wEzeUqIjEB+LXC/ypb7Aqno5w==",
      "dependencies": [
        "@types/hast",
        "comma-separated-tokens",
        "hast-util-parse-selector",
        "property-information",
        "space-separated-tokens"
      ]
    },
    "highlight.js@10.7.3": {
      "integrity": "sha512-tzcUFauisWKNHaRkN4Wjl/ZA07gENAjFl3J/c480dprkGTg5EQstgaNFqBfUqCq54kZRIEcreTsAgF/m2quD7A=="
    },
    "highlightjs-vue@1.0.0": {
      "integrity": "sha512-PDEfEF102G23vHmPhLyPboFCD+BkMGu+GuJe2d9/eH4FsCwvgBpnc9n0pGE+ffKdph38s6foEZiEjdgHdzp+IA=="
    },
    "is-alphabetical@2.0.1": {
      "integrity": "sha512-FWyyY60MeTNyeSRpkM2Iry0G9hpr7/9kD40mD/cGQEuilcZYS4okz8SN2Q6rLCJ8gbCt6fN+rC+6tMGS99LaxQ=="
    },
    "is-alphanumerical@2.0.1": {
      "integrity": "sha512-hmbYhX/9MUMF5uh7tOXyK/n0ZvWpad5caBA17GsC6vyuCqaWliRG5K1qS9inmUhEMaOBIW7/whAnSwveW/LtZw==",
      "dependencies": [
        "is-alphabetical",
        "is-decimal"
      ]
    },
    "is-decimal@2.0.1": {
      "integrity": "sha512-AAB9hiomQs5DXWcRB1rqsxGUstbRroFOPPVAomNk/3XHR5JyEZChOyTWe2oayKnsSsr/kcGqF+z6yuH6HHpN0A=="
    },
    "is-hexadecimal@2.0.1": {
      "integrity": "sha512-DgZQp241c8oO6cA1SbTEWiXeoxV42vlcJxgH+B3hi1AiqqKruZR3ZGF8In3fj4+/y/7rHvlOZLZtgJ/4ttYGZg=="
    },
    "js-tokens@4.0.0": {
      "integrity": "sha512-RdJUflcE3cUzKiMqQgsCu06FPu9UdIJO0beYbPhHN4k6apgJtifcoCtT9bcxOpYBtpD2kCM6Sbzg4CausW/PKQ=="
    },
    "lightningcss-android-arm64@1.33.0": {
      "integrity": "sha512-gEpRTalKdosp4Bb8qWtc2iOgE5SeIHlpS1up9bFq2wAyYhl1UdTObYiHe98zEM9SQvSoqQZ1IQD0JNpg3Ml5pg==",
      "os": ["android"],
      "cpu": ["arm64"]
    },
    "lightningcss-darwin-arm64@1.33.0": {
      "integrity": "sha512-Sciaz8eenNTKn9b3t7+xr0ipTp9YxKQY4npwQ3mrRuL0BAVHBLyZxofhaKBAVtzmtRZ/zTyo0/to4B1uWG/Djg==",
      "os": ["darwin"],
      "cpu": ["arm64"]
    },
    "lightningcss-darwin-x64@1.33.0": {
      "integrity": "sha512-Z5UPAxzrjlWNNyGy6i65cJzzvgJ5D3T6wMvs+gWpY9d7qRhANrxqAp6LhxIgZhWEw18RfJTGcRxjuLIBr+m8XQ==",
      "os": ["darwin"],
      "cpu": ["x64"]
    },
    "lightningcss-freebsd-x64@1.33.0": {
      "integrity": "sha512-QQM/Ti/hQajJwCY+RiWuCZ9sdtI/XQk7nDK5vC8kkdwixezOlDgvDx7+RT+QjK6FcFT4MpsuoBnHIo/O3StRRg==",
      "os": ["freebsd"],
      "cpu": ["x64"]
    },
    "lightningcss-linux-arm-gnueabihf@1.33.0": {
      "integrity": "sha512-N7FVBe6iS24MlM6R/4RBTxGhQheZGs7tiQ9U32UtF75NzP5Q7xWPRqLBCKxlRQRk3rY1jCIPLzx7WzOhuUIRLQ==",
      "os": ["linux"],
      "cpu": ["arm"]
    },
    "lightningcss-linux-arm64-gnu@1.33.0": {
      "integrity": "sha512-j2v/itmy4HlNxlc6voKXYgBqNi0Ng2LShg4z7GufpEgs05P+2suBVyi9I6YHq5uoVFx9ETin3eCEhLVyXGQnKg==",
      "os": ["linux"],
      "cpu": ["arm64"]
    },
    "lightningcss-linux-arm64-musl@1.33.0": {
      "integrity": "sha512-yiO5ROMuYQgXbC60yjZU5CYSFZGKXL0HFATXt9mHJn1+zW55oCtMI9NfcVhYLMFDL7gV7oBPon/EmMMGg2OvtQ==",
      "os": ["linux"],
      "cpu": ["arm64"]
    },
    "lightningcss-linux-x64-gnu@1.33.0": {
      "integrity": "sha512-ar+Ju7LmcN0Jo4FpL4hpFybwNG9/3A/Br5KW2n2jyODg3MEZXaDYADdemoNS+BDNfMgKvylJLj4S5tyRActuAg==",
      "os": ["linux"],
      "cpu": ["x64"]
    },
    "lightningcss-linux-x64-musl@1.33.0": {
      "integrity": "sha512-RYiYbkokw0trfKqqzfF55lginwEPrD3OJDfTuJzFs1MK6iFnDenaz1fqLLtX4ITG3OktJQXOeTaw1awrBAlZPw==",
      "os": ["linux"],
      "cpu": ["x64"]
    },
    "lightningcss-win32-arm64-msvc@1.33.0": {
      "integrity": "sha512-1K+MPfLSFVpphzpdbfkhlWk6wBrTObBzS2T6db10PNOZgR9GoVsAWzwNyuhUYYbTp23j+4RrncfujZ4uAzXvwA==",
      "os": ["win32"],
      "cpu": ["arm64"]
    },
    "lightningcss-win32-x64-msvc@1.33.0": {
      "integrity": "sha512-OlEICDx/Xl0FqSp4bry8zFnCvGpig3Gl4gCquvYwHuqJKEC1+n9NgDniFvqHGmMv1ZkqDJrDqKKSykTDX+ehuA==",
      "os": ["win32"],
      "cpu": ["x64"]
    },
    "lightningcss@1.33.0": {
      "integrity": "sha512-WkUDrojuJs0xkgGf2udWxa3yGBRxPtxUkB79i6aCZLRgc7PM8fZe9TosfPDcvEpQZbuFASnHYmRLBLUbmLOIIA==",
      "dependencies": [
        "detect-libc"
      ],
      "optionalDependencies": [
        "lightningcss-android-arm64",
        "lightningcss-darwin-arm64",
        "lightningcss-darwin-x64",
        "lightningcss-freebsd-x64",
        "lightningcss-linux-arm-gnueabihf",
        "lightningcss-linux-arm64-gnu",
        "lightningcss-linux-arm64-musl",
        "lightningcss-linux-x64-gnu",
        "lightningcss-linux-x64-musl",
        "lightningcss-win32-arm64-msvc",
        "lightningcss-win32-x64-msvc"
      ]
    },
    "loose-envify@1.4.0": {
      "integrity": "sha512-lyuxPGr/Wfhrlem2CL/UcnUc1zcqKAImBDzukY7Y5F/yQiNdko6+fRLevlw1HgMySw7f611UIY408EtxRSoK3Q==",
      "dependencies": [
        "js-tokens"
      ],
      "bin": true
    },
    "lowlight@1.20.0": {
      "integrity": "sha512-8Ktj+prEb1RoCPkEOrPMYUN/nCggB7qAWe3a7OpMjWQkh3l2RD5wKRQ+o8Q8YuI9RG/xs95waaI/E6ym/7NsTw==",
      "dependencies": [
        "fault",
        "highlight.js"
      ]
    },
    "lucide-react@0.577.0_react@18.3.1": {
      "integrity": "sha512-4LjoFv2eEPwYDPg/CUdBJQSDfPyzXCRrVW1X7jrx/trgxnxkHFjnVZINbzvzxjN70dxychOfg+FTYwBiS3pQ5A==",
      "dependencies": [
        "react"
      ]
    },
    "monaco-editor@0.53.0": {
      "integrity": "sha512-0WNThgC6CMWNXXBxTbaYYcunj08iB5rnx4/G56UOPeL9UVIUGGHA1GR0EWIh9Ebabj7NpCRawQ5b0hfN1jQmYQ==",
      "dependencies": [
        "@types/trusted-types"
      ]
    },
    "nanoid@3.3.19": {
      "integrity": "sha512-Y2tUNy4ouw6tq5oDSKeQYGOyhkUBhNOcGV/02KC+6kd9eDGqdZd++mjMiIDilrBYvjEnCYvVtsuHCuP+okSfug==",
      "bin": true
    },
    "node-releases@2.0.21": {
      "integrity": "sha512-5b0pgg78U3hwXkCM8Z9b2FJdPZlr9Psr9V2gQPESdGHqbntyFJKFW4r5TeWGFzafGY3hzs1JC62VEQMbl1JFkw=="
    },
    "normalize-range@0.1.2": {
      "integrity": "sha512-bdok/XvKII3nUpklnV6P2hxtMNrCboOjAcyBuQnWEhO665FwrSNRxU+AqpsyvO6LgGYPspN+lu5CLtw4jPRKNA=="
    },
    "parse-entities@4.0.2": {
      "integrity": "sha512-GG2AQYWoLgL877gQIKeRPGO1xF9+eG1ujIb5soS5gPvLQ1y2o8FL90w2QWNdf9I361Mpp7726c+lj3U0qK1uGw==",
      "dependencies": [
        "@types/unist",
        "character-entities-legacy",
        "character-reference-invalid",
        "decode-named-character-reference",
        "is-alphanumerical",
        "is-decimal",
        "is-hexadecimal"
      ]
    },
    "picocolors@1.1.1": {
      "integrity": "sha512-xceH2snhtb5M9liqDsmEw56le376mTZkEX/jEb/RxNFyegNul7eNslCXP9FDj/Lcu0X8KEyMceP2ntpaHrDEVA=="
    },
    "picomatch@4.0.7": {
      "integrity": "sha512-qcJu88Q2IWqJsDD529JKMdwGm/dvInW4HvQnRwiH9JtihJvzGOscDtHE3x1pBKeUOTysQ8kVmLnJ2kJu7yhcGA=="
    },
    "postcss-value-parser@4.2.0": {
      "integrity": "sha512-1NNCs6uurfkVbeXG4S8JFT9t19m45ICnif8zWLd5oPSZ50QnwMfK+H3jv408d4jw/7Bttv5axS5IiHoLaVNHeQ=="
    },
    "postcss@8.5.28": {
      "integrity": "sha512-RRuzqDtt5Y9h3quz5hWhK+TPnsmVs6WwSU6LkJMeY4HstUEDuYTG8UJSdawMRzmzAtV+KEoG8N3Qg2qLy5vM/A==",
      "dependencies": [
        "nanoid",
        "picocolors",
        "source-map-js"
      ]
    },
    "prismjs@1.30.0": {
      "integrity": "sha512-DEvV2ZF2r2/63V+tK8hQvrR2ZGn10srHbXviTlcv7Kpzw8jWiNTqbVgjO3IY8RxrrOUF8VPMQQFysYYYv0YZxw=="
    },
    "property-information@7.2.0": {
      "integrity": "sha512-IAtzIB6sUiWaJYrX9smp3V46pBGbBeLFRGdh25kg1334VcBlD8HzhPeNIWQH9zhGmo2itIe25EHt9dQP7G5hmg=="
    },
    "react-dom@18.3.1_react@18.3.1": {
      "integrity": "sha512-5m4nQKp+rZRb09LNH59GM4BxTh9251/ylbKIbpe7TpGxfJ+9kv6BLkLBXIjjspbgbnIBNqlI23tRnTWT0snUIw==",
      "dependencies": [
        "loose-envify",
        "react",
        "scheduler"
      ]
    },
    "react-remove-scroll-bar@2.3.8_@types+react@18.3.24_react@18.3.1": {
      "integrity": "sha512-9r+yi9+mgU33AKcj6IbT9oRCO78WriSj6t/cF8DWBZJ9aOGPOTEDvdUDz1FwKim7QXWwmHqtdHnRJfhAxEG46Q==",
      "dependencies": [
        "@types/react",
        "react",
        "react-style-singleton",
        "tslib"
      ],
      "optionalPeers": [
        "@types/react"
      ]
    },
    "react-remove-scroll@2.7.1_@types+react@18.3.24_react@18.3.1": {
      "integrity": "sha512-HpMh8+oahmIdOuS5aFKKY6Pyog+FNaZV/XyJOq7b4YFwsFHe5yYfdbIalI4k3vU2nSDql7YskmUseHsRrJqIPA==",
      "dependencies": [
        "@types/react",
        "react",
        "react-remove-scroll-bar",
        "react-style-singleton",
        "tslib",
        "use-callback-ref",
        "use-sidecar"
      ],
      "optionalPeers": [
        "@types/react"
      ]
    },
    "react-router-dom@6.30.1_react@18.3.1_react-dom@18.3.1": {
      "integrity": "sha512-llKsgOkZdbPU1Eg3zK8lCn+sjD9wMRZZPuzmdWWX5SUs8OFkN5HnFVC0u5KMeMaC9aoancFI/KoLuKPqN+hxHw==",
      "dependencies": [
        "@remix-run/router",
        "react",
        "react-dom",
        "react-router"
      ]
    },
    "react-router@6.30.1_react@18.3.1": {
      "integrity": "sha512-X1m21aEmxGXqENEPG3T6u0Th7g0aS4ZmoNynhbs+Cn+q+QGTLt+d5IQ2bHAXKzKcxGJjxACpVbnYQSCRcfxHlQ==",
      "dependencies": [
        "@remix-run/router",
        "react"
      ]
    },
    "react-style-singleton@2.2.3_@types+react@18.3.24_react@18.3.1": {
      "integrity": "sha512-b6jSvxvVnyptAiLjbkWLE/lOnR4lfTtDAl+eUC7RZy+QQWc6wRzIV2CE6xBuMmDxc2qIihtDCZD5NPOFl7fRBQ==",
      "dependencies": [
        "@types/react",
        "get-nonce",
        "react",
        "tslib"
      ],
      "optionalPeers": [
        "@types/react"
      ]
    },
    "react-syntax-highlighter@16.1.1_react@18.3.1": {
      "integrity": "sha512-PjVawBGy80C6YbC5DDZJeUjBmC7skaoEUdvfFQediQHgCL7aKyVHe57SaJGfQsloGDac+gCpTfRdtxzWWKmCXA==",
      "dependencies": [
        "@babel/runtime",
        "highlight.js",
        "highlightjs-vue",
        "lowlight",
        "prismjs",
        "react",
        "refractor"
      ]
    },
    "react@18.3.1": {
      "integrity": "sha512-wS+hAgJShR0KhEvPJArfuPVN1+Hz1t0Y6n5jLrGQbkb4urgPE/0Rve+1kMB1v/oWgHgm4WIcV+i7F2pTVj+2iQ==",
      "dependencies": [
        "loose-envify"
      ]
    },
    "refractor@5.0.0": {
      "integrity": "sha512-QXOrHQF5jOpjjLfiNk5GFnWhRXvxjUVnlFxkeDmewR5sXkr3iM46Zo+CnRR8B+MDVqkULW4EcLVcRBNOPXHosw==",
      "dependencies": [
        "@types/hast",
        "@types/prismjs",
        "hastscript",
        "parse-entities"
      ]
    },
    "rolldown@1.2.11": {
      "integrity": "sha512-qpSwIyz0jHQq5qXBTNxFmE6664rJ7O+4TvPFOiOaBSrz8IOHc1koKKSqTM2H6u1UG1+TveuC6vaDHKXFOvb1Kw==",
      "dependencies": [
        "@oxc-project/types",
        "@rolldown/pluginutils"
      ],
      "optionalDependencies": [
        "@rolldown/binding-android-arm-eabi",
        "@rolldown/binding-android-arm64",
        "@rolldown/binding-darwin-arm64",
        "@rolldown/binding-darwin-x64",
        "@rolldown/binding-freebsd-x64",
        "@rolldown/binding-linux-arm-gnueabihf",
        "@rolldown/binding-linux-arm64-gnu",
        "@rolldown/binding-linux-arm64-musl",
        "@rolldown/binding-linux-ppc64-gnu",
        "@rolldown/binding-linux-s390x-gnu",
        "@rolldown/binding-linux-x64-gnu",
        "@rolldown/binding-linux-x64-musl",
        "@rolldown/binding-openharmony-arm64",
        "@rolldown/binding-win32-arm64-msvc",
        "@rolldown/binding-win32-x64-msvc"
      ],
      "bin": true
    },
    "scheduler@0.23.2": {
      "integrity": "sha512-UOShsPwz7NrMUqhR6t0hWjFduvOzbtv7toDH1/hIrfRNIDBnnBWd0CwJTGvTpngVlmwGCdP9/Zl/tVrDqcuYzQ==",
      "dependencies": [
        "loose-envify"
      ]
    },
    "sonner@1.7.4_react@18.3.1_react-dom@18.3.1": {
      "integrity": "sha512-DIS8z4PfJRbIyfVFDVnK9rO3eYDtse4Omcm6bt0oEr5/jtLgysmjuBl1frJ9E/EQZrFmKx2A8m/s5s9CRXIzhw==",
      "dependencies": [
        "react",
        "react-dom"
      ]
    },
    "source-map-js@1.2.1": {
      "integrity": "sha512-UXWMKhLOwVKb728IUtQPXxfYU+usdybtUrK/8uGE8CQMvrhOpwvzDBwj0QhSL7MQc7vIsISBG8VQ8+IDQxpfQA=="
    },
    "space-separated-tokens@2.0.2": {
      "integrity": "sha512-PEGlAwrG8yXGXRjW32fGbg66JAlOAwbObuqVoJpv/mRgoWDQfgH1wDPvtzWyUSNAXBGSk8h755YDbbcEy3SH2Q=="
    },
    "state-local@1.0.7": {
      "integrity": "sha512-HTEHMNieakEnoe33shBYcZ7NX83ACUjCu8c40iOGEZsngj9zRnkqS9j1pqQPXwobB0ZcVTk27REb7COQ0UR59w=="
    },
    "tailwind-merge@3.7.0": {
      "integrity": "sha512-XPPUyAc+cvspz3lHTcR/QgPfW2A0lv/xQNIjX3HGhLR+Nq2lHaLq5MtTesHn8GUr3W3DguT2KT5x3NVgRtYwmA=="
    },
    "tailwindcss@4.3.3": {
      "integrity": "sha512-gOhV3P7ufE62QDGg1zVaTgCR+EtPv92k2nIhVcVKcLmxT1sUBsQGhnZj175j+MqRt4zLF7ic+sCYjfhxMxj7YQ=="
    },
    "tinyglobby@0.2.17": {
      "integrity": "sha512-wXR/dYpcqKmfWpEdZjiKJOwCNFndD0DMnrW/cYjVGttEkBfVgcLFHoNrlj47mjOVic9yyNu65alsgF4NQyTa2g==",
      "dependencies": [
        "fdir",
        "picomatch"
      ]
    },
    "tslib@2.8.1": {
      "integrity": "sha512-oJFu94HQb+KVduSUQL7wnpmqnfmLsOA/nAh6b6EH0wCEoK0/mPeXU6c3wKDV83MkOuHPRHtSXKKU99IBazS/2w=="
    },
    "typescript@5.9.2": {
      "integrity": "sha512-CWBzXQrc/qOkhidw1OzBTQuYRbfyxDXJMVJ1XNwUHGROVmuaeiEm3OslpZ1RV96d7SKKjZKrSJu3+t/xlw3R9A==",
      "bin": true
    },
    "update-browserslist-db@1.1.3_browserslist@4.26.2": {
      "integrity": "sha512-UxhIZQ+QInVdunkDAaiazvvT/+fXL5Osr0JZlJulepYu6Jd7qJtDZjlur0emRlT71EN3ScPoE7gvsuIKKNavKw==",
      "dependencies": [
        "browserslist",
        "escalade",
        "picocolors"
      ],
      "bin": true
    },
    "use-callback-ref@1.3.3_@types+react@18.3.24_react@18.3.1": {
      "integrity": "sha512-jQL3lRnocaFtu3V00JToYz/4QkNWswxijDaCVNZRiRTO3HQDLsdu1ZtmIUvV4yPp+rvWm5j0y0TG/S61cuijTg==",
      "dependencies": [
        "@types/react",
        "react",
        "tslib"
      ],
      "optionalPeers": [
        "@types/react"
      ]
    },
    "use-sidecar@1.1.3_@types+react@18.3.24_react@18.3.1": {
      "integrity": "sha512-Fedw0aZvkhynoPYlA5WXrMCAMm+nSWdZt6lzJQ7Ok8S6Q+VsHmHpRWndVRJ8Be0ZbkfPc5LRYH+5XrzXcEeLRQ==",
      "dependencies": [
        "@types/react",
        "detect-node-es",
        "react",
        "tslib"
      ],
      "optionalPeers": [
        "@types/react"
      ]
    },
    "use-sync-external-store@1.6.0_react@18.3.1": {
      "integrity": "sha512-Pp6GSwGP/NrPIrxVFAIkOQeyw8lFenOHijQWkUTrDvrF4ALqylP2C/KCkeS9dpUM3KvYRQhna5vt7IL95+ZQ9w==",
      "dependencies": [
        "react"
      ]
    },
    "vite@8.3.1": {
      "integrity": "sha512-/bvH9E9tmCXRGp2uXY3WbOldqpTwFkbha/8ANaEQ6VkxhH60KyqLwgZq6lG2y+4uT55x9+9eUHMpQ7uGnOCKjA==",
      "dependencies": [
        "lightningcss",
        "picomatch",
        "postcss",
        "rolldown",
        "tinyglobby"
      ],
      "optionalDependencies": [
        "fsevents"
      ],
      "bin": true
    },
    "zustand@4.5.7_@types+react@18.3.24_react@18.3.1": {
      "integrity": "sha512-CHOUy7mu3lbD6o6LJLfllpjkzhHXSBlX8B9+qPddUsIfeF5S/UZ5q0kmCsnRqT1UHFQZchNFDDzMbQsuesHWlw==",
      "dependencies": [
        "@types/react",
        "react",
        "use-sync-external-store"
      ],
      "optionalPeers": [
        "@types/react",
        "react"
      ]
    }
  },
  "workspace": {
    "packageJson": {
      "dependencies": [
        "npm:@monaco-editor/react@^4.6.0",
        "npm:@radix-ui/react-dialog@^1.1.15",
        "npm:@radix-ui/react-dropdown-menu@^2.1.16",
        "npm:@radix-ui/react-label@^2.1.7",
        "npm:@radix-ui/react-scroll-area@^1.2.10",
        "npm:@radix-ui/react-select@^2.2.6",
        "npm:@radix-ui/react-separator@^1.1.7",
        "npm:@radix-ui/react-slot@^1.2.3",
        "npm:@radix-ui/react-tabs@^1.1.13",
        "npm:@radix-ui/react-toast@^1.2.15",
        "npm:@tanstack/react-query@^5.90.2",
        "npm:@types/react-dom@^18.3.1",
        "npm:@types/react-syntax-highlighter@^15.5.11",
        "npm:@types/react@^18.3.12",
        "npm:@vitejs/plugin-react@6",
        "npm:autoprefixer@^10.4.18",
        "npm:class-variance-authority@0.7",
        "npm:clsx@^2.1.0",
        "npm:date-fns@^3.3.1",
        "npm:lucide-react@0.577",
        "npm:postcss@^8.4.35",
        "npm:react-dom@^18.3.1",
        "npm:react-router-dom@^6.22.3",
        "npm:react-syntax-highlighter@16",
        "npm:react@^18.3.1",
        "npm:sonner@^1.4.3",
        "npm:tailwind-merge@3",
        "npm:tailwindcss@4",
        "npm:typescript@^5.7.2",
        "npm:vite@8",
        "npm:zustand@^4.5.2"
      ]
    }
  }
}
