{
  "nodes": {
    "brew-src": {
      "flake": false,
      "locked": {
        "lastModified": 1778427648,
        "narHash": "sha256-pt9KaDGsMyYWB9JeHs4XGHs870f1lOZe3vx9LpVIhUE=",
        "owner": "Homebrew",
        "repo": "brew",
        "rev": "6f293daa9f9f5832e13b497976335e90509886d7",
        "type": "github"
      },
      "original": {
        "owner": "Homebrew",
        "ref": "5.1.11",
        "repo": "brew",
        "type": "github"
      }
    },
    "cl-nix-lite": {
      "inputs": {
        "flake-parts": [
          "flake-parts"
        ],
        "nixpkgs": [
          "nixpkgs-hoisted"
        ],
        "systems": [
          "systems"
        ],
        "treefmt-nix": [
          "treefmt-nix"
        ]
      },
      "locked": {
        "lastModified": 1781670967,
        "narHash": "sha256-P9wcsUQoZd6g4oAofZqntZZSp11vTo3Pn87//Xun9Ts=",
        "owner": "hraban",
        "repo": "cl-nix-lite",
        "rev": "1db001066688786e7db2a97d02cef02f8ff9bef0",
        "type": "github"
      },
      "original": {
        "owner": "hraban",
        "repo": "cl-nix-lite",
        "type": "github"
      }
    },
    "darwin": {
      "inputs": {
        "nixpkgs": [
          "nixpkgs"
        ]
      },
      "locked": {
        "lastModified": 1781761792,
        "narHash": "sha256-rCPytmKNjctLloB6UgK5CRrHSwV4b0ygxtJLPPp8R14=",
        "owner": "lnl7",
        "repo": "nix-darwin",
        "rev": "a1fa429e945becaf60468600daf649be4ba0350c",
        "type": "github"
      },
      "original": {
        "owner": "lnl7",
        "repo": "nix-darwin",
        "type": "github"
      }
    },
    "determinate": {
      "inputs": {
        "determinate-nixd-aarch64-darwin": [
          "determinate-nixd-aarch64-darwin"
        ],
        "determinate-nixd-aarch64-linux": [
          "determinate-nixd-aarch64-linux"
        ],
        "determinate-nixd-x86_64-linux": [
          "determinate-nixd-x86_64-linux"
        ],
        "nix": [
          "nix"
        ],
        "nixpkgs": [
          "nixpkgs-hoisted-3"
        ]
      },
      "locked": {
        "lastModified": 1780941588,
        "narHash": "sha256-cXxaBtTSYEYVtSxw4IH0hPa+p+VFxS0i+66GwxVFk7o=",
        "rev": "70c28bcdd4dde10d04f39e7accb5738a1f5d5298",
        "revCount": 421,
        "type": "tarball",
        "url": "https://api.flakehub.com/f/pinned/DeterminateSystems/determinate/3.21.1/019ea867-5568-7d03-9579-e943ed6d4cef/source.tar.gz"
      },
      "original": {
        "type": "tarball",
        "url": "https://flakehub.com/f/DeterminateSystems/determinate/%2A"
      }
    },
    "determinate-nixd-aarch64-darwin": {
      "flake": false,
      "locked": {
        "narHash": "sha256-T5PoERn2FTupvCwGmQhbYO/oQ0w+51nRn+0QRbnA9tg=",
        "type": "file",
        "url": "https://install.determinate.systems/determinate-nixd/tag/v3.17.2/macOS"
      },
      "original": {
        "type": "file",
        "url": "https://install.determinate.systems/determinate-nixd/tag/v3.17.2/macOS"
      }
    },
    "determinate-nixd-aarch64-linux": {
      "flake": false,
      "locked": {
        "narHash": "sha256-T0iRt3f+2Q+KUU1VzdGiG6GluViuxuKr+bMG5eVtPO0=",
        "type": "file",
        "url": "https://install.determinate.systems/determinate-nixd/tag/v3.17.2/aarch64-linux"
      },
      "original": {
        "type": "file",
        "url": "https://install.determinate.systems/determinate-nixd/tag/v3.17.2/aarch64-linux"
      }
    },
    "determinate-nixd-x86_64-linux": {
      "flake": false,
      "locked": {
        "narHash": "sha256-FDeJY4hugYM0+vB2rvKY8WpYgPNH7kNS0M082Rnk/CI=",
        "type": "file",
        "url": "https://install.determinate.systems/determinate-nixd/tag/v3.17.2/x86_64-linux"
      },
      "original": {
        "type": "file",
        "url": "https://install.determinate.systems/determinate-nixd/tag/v3.17.2/x86_64-linux"
      }
    },
    "fenix": {
      "inputs": {
        "nixpkgs": [
          "nixpkgs"
        ],
        "rust-analyzer-src": "rust-analyzer-src"
      },
      "locked": {
        "lastModified": 1781779700,
        "narHash": "sha256-dHrFmslUl2HQ9KXUXbgMyRushoqqLgHZV/5QtnwiH6A=",
        "owner": "nix-community",
        "repo": "fenix",
        "rev": "ad30e585c7a2917325943c2b19511f5a249eff53",
        "type": "github"
      },
      "original": {
        "owner": "nix-community",
        "repo": "fenix",
        "type": "github"
      }
    },
    "flake-compat": {
      "locked": {
        "lastModified": 1767039857,
        "narHash": "sha256-vNpUSpF5Nuw8xvDLj2KCwwksIbjua2LZCqhV1LNRDns=",
        "owner": "edolstra",
        "repo": "flake-compat",
        "rev": "5edf11c44bc78a0d334f6334cdaf7d60d732daab",
        "type": "github"
      },
      "original": {
        "owner": "edolstra",
        "repo": "flake-compat",
        "type": "github"
      }
    },
    "flake-compat-hoisted": {
      "locked": {
        "lastModified": 1766808011,
        "narHash": "sha256-s83BS0abtIj7vzUf8JE0209KphfHA6qRw/92D9k/F+0=",
        "owner": "hraban",
        "repo": "flake-compat",
        "rev": "6e0aafdc4c4c2043c66f756d5045374b42184fc5",
        "type": "github"
      },
      "original": {
        "owner": "hraban",
        "ref": "fixed-output",
        "repo": "flake-compat",
        "type": "github"
      }
    },
    "flake-parts": {
      "inputs": {
        "nixpkgs-lib": [
          "nixpkgs-lib"
        ]
      },
      "locked": {
        "lastModified": 1778716662,
        "narHash": "sha256-m1Yf0wZ8j1OHjTc2UwHwyQRSnNeSgLJOd7q5Y45hzi4=",
        "owner": "hercules-ci",
        "repo": "flake-parts",
        "rev": "f7c1a2d347e4c52d5fb8d10cb4d94b5884e546fb",
        "type": "github"
      },
      "original": {
        "owner": "hercules-ci",
        "repo": "flake-parts",
        "type": "github"
      }
    },
    "flake-parts-hoisted": {
      "inputs": {
        "nixpkgs-lib": [
          "nixpkgs-lib"
        ]
      },
      "locked": {
        "lastModified": 1778716662,
        "narHash": "sha256-m1Yf0wZ8j1OHjTc2UwHwyQRSnNeSgLJOd7q5Y45hzi4=",
        "rev": "f7c1a2d347e4c52d5fb8d10cb4d94b5884e546fb",
        "revCount": 475,
        "type": "tarball",
        "url": "https://api.flakehub.com/f/pinned/hercules-ci/flake-parts/0.1.475%2Brev-f7c1a2d347e4c52d5fb8d10cb4d94b5884e546fb/019e2533-0324-7e90-93eb-29b02e1a61cd/source.tar.gz"
      },
      "original": {
        "type": "tarball",
        "url": "https://flakehub.com/f/hercules-ci/flake-parts/0.1"
      }
    },
    "flake-utils": {
      "inputs": {
        "systems": [
          "systems"
        ]
      },
      "locked": {
        "lastModified": 1731533236,
        "narHash": "sha256-l0KFg5HjrsfsO/JpG+r7fRrqm12kzFHyUHqHCVpMMbI=",
        "owner": "numtide",
        "repo": "flake-utils",
        "rev": "11707dc2f618dd54ca8739b309ec4fc024de578b",
        "type": "github"
      },
      "original": {
        "owner": "numtide",
        "repo": "flake-utils",
        "type": "github"
      }
    },
    "git-hooks-nix": {
      "inputs": {
        "flake-compat": [
          "flake-compat"
        ],
        "gitignore": [
          "gitignore"
        ],
        "nixpkgs": [
          "nixpkgs-hoisted-hoisted"
        ]
      },
      "locked": {
        "lastModified": 1781733627,
        "narHash": "sha256-U3yTuGBnmXvXoQI3qkpfEDsn9RovQPAjN7ndRco+3u0=",
        "rev": "3bbec39bc90eadfa031e6f3b77272f3f60803e39",
        "revCount": 1212,
        "type": "tarball",
        "url": "https://api.flakehub.com/f/pinned/cachix/git-hooks.nix/0.1.1212%2Brev-3bbec39bc90eadfa031e6f3b77272f3f60803e39/019ed991-8709-7792-ac6c-35a62c94a949/source.tar.gz"
      },
      "original": {
        "type": "tarball",
        "url": "https://flakehub.com/f/cachix/git-hooks.nix/0.1.941"
      }
    },
    "gitignore": {
      "inputs": {
        "nixpkgs": "nixpkgs"
      },
      "locked": {
        "lastModified": 1762808025,
        "narHash": "sha256-XmjITeZNMTQXGhhww6ed/Wacy2KzD6svioyCX7pkUu4=",
        "owner": "hercules-ci",
        "repo": "gitignore.nix",
        "rev": "cb5e3fdca1de58ccbc3ef53de65bd372b48f567c",
        "type": "github"
      },
      "original": {
        "owner": "hercules-ci",
        "repo": "gitignore.nix",
        "type": "github"
      }
    },
    "home-manager": {
      "inputs": {
        "nixpkgs": [
          "nixpkgs-hoisted-4"
        ]
      },
      "locked": {
        "lastModified": 1781751568,
        "narHash": "sha256-hZAbXoNA4nCSaIJJLGl/EdErFtlnAS06jEp4oO7Qp6s=",
        "owner": "nix-community",
        "repo": "home-manager",
        "rev": "5bcff43156c0eebe68759338b7879c8e1b2e2bd0",
        "type": "github"
      },
      "original": {
        "owner": "nix-community",
        "ref": "master",
        "repo": "home-manager",
        "type": "github"
      }
    },
    "homebrew-autoraise": {
      "flake": false,
      "locked": {
        "lastModified": 1780989320,
        "narHash": "sha256-mPXDwnI+a2wDh4rzbsLL2niXHbSUdFl3qeJcboOSSzg=",
        "owner": "Dimentium",
        "repo": "homebrew-autoraise",
        "rev": "95ce2dd02bfbde25ef940abed5eb70e8e97d17fa",
        "type": "github"
      },
      "original": {
        "owner": "Dimentium",
        "repo": "homebrew-autoraise",
        "type": "github"
      }
    },
    "homebrew-bundle": {
      "flake": false,
      "locked": {
        "lastModified": 1745335228,
        "narHash": "sha256-TIKR2UgtyUmHLNZp255/vLs+1I10hXe+sciMEbAGFwE=",
        "owner": "homebrew",
        "repo": "homebrew-bundle",
        "rev": "a3265c84b232e13048ecbf6fc18a2eedfadbeb08",
        "type": "github"
      },
      "original": {
        "owner": "homebrew",
        "repo": "homebrew-bundle",
        "type": "github"
      }
    },
    "homebrew-cask": {
      "flake": false,
      "locked": {
        "lastModified": 1781784234,
        "narHash": "sha256-uIbArXaxJ3ZptlyEnKRB/9UtUGP5++XdOysEtiBcIPE=",
        "owner": "homebrew",
        "repo": "homebrew-cask",
        "rev": "f0f3f5034ea3530bfd000f80c95678a64ac5e75a",
        "type": "github"
      },
      "original": {
        "owner": "homebrew",
        "repo": "homebrew-cask",
        "type": "github"
      }
    },
    "homebrew-core": {
      "flake": false,
      "locked": {
        "lastModified": 1781783253,
        "narHash": "sha256-BzS87iu0K9HNaL2i/Wo84eqEvM8c/ephy7FhJJ3Gqfg=",
        "owner": "homebrew",
        "repo": "homebrew-core",
        "rev": "bb2d1102701a959fc844eff3d9dcca0ba24a3d47",
        "type": "github"
      },
      "original": {
        "owner": "homebrew",
        "repo": "homebrew-core",
        "type": "github"
      }
    },
    "homebrew-firefox-profile-switcher": {
      "flake": false,
      "locked": {
        "lastModified": 1647976971,
        "narHash": "sha256-7bcUkqXHN3YsLp8/aPTaRvpPNJEGlq7axuY1IW6z9ZU=",
        "owner": "null-dev",
        "repo": "homebrew-firefox-profile-switcher",
        "rev": "d199dbe16b3b3b28e099b27f3aaf1fe3107cd661",
        "type": "github"
      },
      "original": {
        "owner": "null-dev",
        "repo": "homebrew-firefox-profile-switcher",
        "type": "github"
      }
    },
    "homebrew-fuse": {
      "flake": false,
      "locked": {
        "lastModified": 1781596972,
        "narHash": "sha256-6Q0p2xWJEL8xfOydG4hUbzZh1HmypD+sFWQLIBZtkpI=",
        "owner": "gromgit",
        "repo": "homebrew-fuse",
        "rev": "6f9a415a4d7910fe2b97cc8ce84664ca1a1534c7",
        "type": "github"
      },
      "original": {
        "owner": "gromgit",
        "repo": "homebrew-fuse",
        "type": "github"
      }
    },
    "homebrew-services": {
      "flake": false,
      "locked": {
        "lastModified": 1742475690,
        "narHash": "sha256-qg3/+iHtnFe6VxGapisTatGnoH0XG4BnWWqwwzWYzk0=",
        "owner": "homebrew",
        "repo": "homebrew-services",
        "rev": "2c294ab9515576d961cea28c93148c6452db2def",
        "type": "github"
      },
      "original": {
        "owner": "homebrew",
        "repo": "homebrew-services",
        "type": "github"
      }
    },
    "just": {
      "inputs": {
        "flake-utils": [
          "flake-utils"
        ],
        "nixpkgs": [
          "nixpkgs"
        ]
      },
      "locked": {
        "lastModified": 1781725665,
        "narHash": "sha256-nD72ERQ84hmOo1yq3tFn3Xexqb+aKHr/3zeKqHihDAs=",
        "owner": "casey",
        "repo": "just",
        "rev": "5097d64c8b765f8f6bf0f19d13be199bb1d1769c",
        "type": "github"
      },
      "original": {
        "owner": "casey",
        "repo": "just",
        "type": "github"
      }
    },
    "mac-app-util": {
      "inputs": {
        "cl-nix-lite": [
          "cl-nix-lite"
        ],
        "flake-compat": [
          "flake-compat-hoisted"
        ],
        "flake-utils": [
          "flake-utils"
        ],
        "nixpkgs": [
          "nixpkgs-hoisted"
        ],
        "systems": [
          "systems-hoisted"
        ],
        "treefmt-nix": [
          "treefmt-nix"
        ]
      },
      "locked": {
        "lastModified": 1766810876,
        "narHash": "sha256-VPElWFQIiP31lXQXEom+L4sl85alZpZn33O4hewsP9k=",
        "owner": "hraban",
        "repo": "mac-app-util",
        "rev": "4747968574ea58512c5385466400b2364c85d2d0",
        "type": "github"
      },
      "original": {
        "owner": "hraban",
        "repo": "mac-app-util",
        "type": "github"
      }
    },
    "nix": {
      "inputs": {
        "flake-parts": [
          "flake-parts-hoisted"
        ],
        "git-hooks-nix": [
          "git-hooks-nix"
        ],
        "nixpkgs": [
          "nixpkgs-hoisted-2"
        ],
        "nixpkgs-23-11": [
          "nixpkgs-23-11"
        ],
        "nixpkgs-regression": [
          "nixpkgs-23-11"
        ]
      },
      "locked": {
        "lastModified": 1780939209,
        "narHash": "sha256-/JuW5C6sWuC836Y9b7hga3ZvhRiY4k4Zs73RRg5KVWM=",
        "rev": "952beffe9c45ed245d30209d4f17cf1d26654a2a",
        "revCount": 26044,
        "type": "tarball",
        "url": "https://api.flakehub.com/f/pinned/DeterminateSystems/nix-src/3.21.1/019ea860-2acd-7680-ae61-10f9574b2694/source.tar.gz"
      },
      "original": {
        "type": "tarball",
        "url": "https://flakehub.com/f/DeterminateSystems/nix-src/%2A"
      }
    },
    "nix-homebrew": {
      "inputs": {
        "brew-src": [
          "brew-src"
        ]
      },
      "locked": {
        "lastModified": 1781389246,
        "narHash": "sha256-ORqLAo/hoJdsZC7UPAuEHev6S0+XIqKEC7vjo5prz1k=",
        "owner": "zhaofengli",
        "repo": "nix-homebrew",
        "rev": "de7953a08ed4bb9245be043e468561c17b89130d",
        "type": "github"
      },
      "original": {
        "owner": "zhaofengli",
        "repo": "nix-homebrew",
        "type": "github"
      }
    },
    "nixpkgs": {
      "locked": {
        "lastModified": 1666603677,
        "narHash": "sha256-apAEIj+z1iwMaMJ4tB21r/VTetfGDLDzuhXRHJknIAU=",
        "owner": "NixOS",
        "repo": "nixpkgs",
        "rev": "074da18a72269cc5a6cf444dce42daea5649b2fe",
        "type": "github"
      },
      "original": {
        "id": "nixpkgs",
        "type": "indirect"
      }
    },
    "nixpkgs-23-11": {
      "locked": {
        "lastModified": 1781779068,
        "narHash": "sha256-MQ7U3SAtZ01AiAI5Qga84OXA20zUHwIxPa9jVAQ9EEw=",
        "owner": "NixOS",
        "repo": "nixpkgs",
        "rev": "f5c82ddba2f334578872edf3297f0935c2050da5",
        "type": "github"
      },
      "original": {
        "owner": "NixOS",
        "repo": "nixpkgs",
        "type": "github"
      }
    },
    "nixpkgs-23-11-hoisted": {
      "locked": {
        "lastModified": 1781779068,
        "narHash": "sha256-MQ7U3SAtZ01AiAI5Qga84OXA20zUHwIxPa9jVAQ9EEw=",
        "owner": "NixOS",
        "repo": "nixpkgs",
        "rev": "f5c82ddba2f334578872edf3297f0935c2050da5",
        "type": "github"
      },
      "original": {
        "owner": "NixOS",
        "repo": "nixpkgs",
        "type": "github"
      }
    },
    "nixpkgs-23_05": {
      "locked": {
        "lastModified": 1705033721,
        "narHash": "sha256-K5eJHmL1/kev6WuqyqqbS1cdNnSidIZ3jeqJ7GbrYnQ=",
        "owner": "nixos",
        "repo": "nixpkgs",
        "rev": "a1982c92d8980a0114372973cbdfe0a307f1bdea",
        "type": "github"
      },
      "original": {
        "owner": "nixos",
        "ref": "nixos-23.05-small",
        "repo": "nixpkgs",
        "type": "github"
      }
    },
    "nixpkgs-24_05": {
      "locked": {
        "lastModified": 1735651292,
        "narHash": "sha256-YLbzcBtYo1/FEzFsB3AnM16qFc6fWPMIoOuSoDwvg9g=",
        "owner": "nixos",
        "repo": "nixpkgs",
        "rev": "0da3c44a9460a26d2025ec3ed2ec60a895eb1114",
        "type": "github"
      },
      "original": {
        "owner": "nixos",
        "ref": "nixos-24.05-small",
        "repo": "nixpkgs",
        "type": "github"
      }
    },
    "nixpkgs-hoisted": {
      "locked": {
        "lastModified": 1781509190,
        "narHash": "sha256-uJZs9Di8I6ciTp6jiojj0HzlNpBkud8ax5aT/O5aJkw=",
        "owner": "nixos",
        "repo": "nixpkgs",
        "rev": "d6df3513510aa548c83868fd22bfddd0a8c0a0d4",
        "type": "github"
      },
      "original": {
        "owner": "nixos",
        "ref": "nixos-25.11",
        "repo": "nixpkgs",
        "type": "github"
      }
    },
    "nixpkgs-hoisted-2": {
      "locked": {
        "lastModified": 1767313136,
        "narHash": "sha256-16KkgfdYqjaeRGBaYsNrhPRRENs0qzkQVUooNHtoy2w=",
        "rev": "ac62194c3917d5f474c1a844b6fd6da2db95077d",
        "revCount": 813814,
        "type": "tarball",
        "url": "https://api.flakehub.com/f/pinned/NixOS/nixpkgs/0.2505.813814%2Brev-ac62194c3917d5f474c1a844b6fd6da2db95077d/019b95ad-fc44-71ef-a5c4-3328eb74a196/source.tar.gz"
      },
      "original": {
        "type": "tarball",
        "url": "https://flakehub.com/f/NixOS/nixpkgs/0.2505"
      }
    },
    "nixpkgs-hoisted-3": {
      "locked": {
        "lastModified": 1780930886,
        "narHash": "sha256-rppURzHviaQN131F+nLiLdGfcb0uCd9gGP0E5+iw9MI=",
        "rev": "8c3cede7ddc26bd659d2d383b5610efbd2c7a16e",
        "revCount": 1012902,
        "type": "tarball",
        "url": "https://api.flakehub.com/f/pinned/DeterminateSystems/nixpkgs-weekly/0.1.1012902%2Brev-8c3cede7ddc26bd659d2d383b5610efbd2c7a16e/019eab22-bd1e-7e40-b919-277db893c789/source.tar.gz"
      },
      "original": {
        "type": "tarball",
        "url": "https://flakehub.com/f/DeterminateSystems/nixpkgs-weekly/0.1"
      }
    },
    "nixpkgs-hoisted-4": {
      "locked": {
        "lastModified": 1781577229,
        "narHash": "sha256-lrp67w8AulE9Ks53n27I45ADSzbOCn4H+CNW1Ck8B+8=",
        "owner": "NixOS",
        "repo": "nixpkgs",
        "rev": "567a49d1913ce81ac6e9582e3553dd90a955875f",
        "type": "github"
      },
      "original": {
        "owner": "NixOS",
        "ref": "nixos-unstable",
        "repo": "nixpkgs",
        "type": "github"
      }
    },
    "nixpkgs-hoisted-5": {
      "locked": {
        "lastModified": 1781779068,
        "narHash": "sha256-MQ7U3SAtZ01AiAI5Qga84OXA20zUHwIxPa9jVAQ9EEw=",
        "owner": "NixOS",
        "repo": "nixpkgs",
        "rev": "f5c82ddba2f334578872edf3297f0935c2050da5",
        "type": "github"
      },
      "original": {
        "owner": "NixOS",
        "repo": "nixpkgs",
        "type": "github"
      }
    },
    "nixpkgs-hoisted-hoisted": {
      "locked": {
        "lastModified": 1781607440,
        "narHash": "sha256-rxO+uc/KFbSJp+pgyXRuAX6QlG9hJdnt0BXpEQRXY+U=",
        "owner": "nixos",
        "repo": "nixpkgs",
        "rev": "3e41b24abd260e8f71dbe2f5737d24122f972158",
        "type": "github"
      },
      "original": {
        "owner": "nixos",
        "ref": "nixpkgs-unstable",
        "repo": "nixpkgs",
        "type": "github"
      }
    },
    "nixpkgs-lib": {
      "locked": {
        "lastModified": 1781405675,
        "narHash": "sha256-0iaTCZDEORJeWamOjfDZaoZZx686f7QO5oL3ynmj+ew=",
        "owner": "nix-community",
        "repo": "nixpkgs.lib",
        "rev": "de42d44212d207476489bce163375d8306a26d59",
        "type": "github"
      },
      "original": {
        "owner": "nix-community",
        "repo": "nixpkgs.lib",
        "type": "github"
      }
    },
    "nixpkgs-regression": {
      "locked": {
        "lastModified": 1781779068,
        "narHash": "sha256-MQ7U3SAtZ01AiAI5Qga84OXA20zUHwIxPa9jVAQ9EEw=",
        "owner": "NixOS",
        "repo": "nixpkgs",
        "rev": "f5c82ddba2f334578872edf3297f0935c2050da5",
        "type": "github"
      },
      "original": {
        "owner": "NixOS",
        "repo": "nixpkgs",
        "type": "github"
      }
    },
    "nixpkgs-regression-hoisted": {
      "locked": {
        "lastModified": 1781779068,
        "narHash": "sha256-MQ7U3SAtZ01AiAI5Qga84OXA20zUHwIxPa9jVAQ9EEw=",
        "owner": "NixOS",
        "repo": "nixpkgs",
        "rev": "f5c82ddba2f334578872edf3297f0935c2050da5",
        "type": "github"
      },
      "original": {
        "owner": "NixOS",
        "repo": "nixpkgs",
        "type": "github"
      }
    },
    "nixpkgs-terraform": {
      "inputs": {
        "nixpkgs": [
          "nixpkgs-hoisted-hoisted"
        ],
        "nixpkgs-23_05": [
          "nixpkgs-23_05"
        ],
        "nixpkgs-24_05": [
          "nixpkgs-24_05"
        ],
        "systems": [
          "systems"
        ]
      },
      "locked": {
        "lastModified": 1781648791,
        "narHash": "sha256-H5DeO4A2O2HLikVaNoSxIEjt4CwLWIPMFkHvsyVkym0=",
        "owner": "stackbuilders",
        "repo": "nixpkgs-terraform",
        "rev": "ce2cb37e1e2c1e52a422cedaa13af75e0ab7bda0",
        "type": "github"
      },
      "original": {
        "owner": "stackbuilders",
        "repo": "nixpkgs-terraform",
        "type": "github"
      }
    },
    "nixpkgs_2": {
      "locked": {
        "lastModified": 1781779068,
        "narHash": "sha256-MQ7U3SAtZ01AiAI5Qga84OXA20zUHwIxPa9jVAQ9EEw=",
        "owner": "nixos",
        "repo": "nixpkgs",
        "rev": "f5c82ddba2f334578872edf3297f0935c2050da5",
        "type": "github"
      },
      "original": {
        "owner": "nixos",
        "repo": "nixpkgs",
        "type": "github"
      }
    },
    "nur": {
      "inputs": {
        "flake-parts": [
          "flake-parts"
        ],
        "nixpkgs": [
          "nixpkgs-hoisted-4"
        ]
      },
      "locked": {
        "lastModified": 1781783913,
        "narHash": "sha256-lLboFvgXfMUpbi1KsLGisyRz8zq1eI5iWtlMp0eXY5s=",
        "owner": "nix-community",
        "repo": "NUR",
        "rev": "451ec56d915ccfaaf0f47b1bf70685123756260a",
        "type": "github"
      },
      "original": {
        "owner": "nix-community",
        "repo": "NUR",
        "type": "github"
      }
    },
    "opencode": {
      "inputs": {
        "nixpkgs": [
          "nixpkgs-hoisted-hoisted"
        ]
      },
      "locked": {
        "lastModified": 1781776081,
        "narHash": "sha256-y8CHOHXhulbvYaND0GlJZNa+fOBMl6FsR9bB2XuxXT8=",
        "owner": "anomalyco",
        "repo": "opencode",
        "rev": "ec50db334b43d47b3c520ac7031792295939fc53",
        "type": "github"
      },
      "original": {
        "owner": "anomalyco",
        "ref": "dev",
        "repo": "opencode",
        "type": "github"
      }
    },
    "root": {
      "inputs": {
        "brew-src": "brew-src",
        "cl-nix-lite": "cl-nix-lite",
        "darwin": "darwin",
        "determinate": "determinate",
        "determinate-nixd-aarch64-darwin": "determinate-nixd-aarch64-darwin",
        "determinate-nixd-aarch64-linux": "determinate-nixd-aarch64-linux",
        "determinate-nixd-x86_64-linux": "determinate-nixd-x86_64-linux",
        "fenix": "fenix",
        "flake-compat": "flake-compat",
        "flake-compat-hoisted": "flake-compat-hoisted",
        "flake-parts": "flake-parts",
        "flake-parts-hoisted": "flake-parts-hoisted",
        "flake-utils": "flake-utils",
        "git-hooks-nix": "git-hooks-nix",
        "gitignore": "gitignore",
        "home-manager": "home-manager",
        "homebrew-autoraise": "homebrew-autoraise",
        "homebrew-bundle": "homebrew-bundle",
        "homebrew-cask": "homebrew-cask",
        "homebrew-core": "homebrew-core",
        "homebrew-firefox-profile-switcher": "homebrew-firefox-profile-switcher",
        "homebrew-fuse": "homebrew-fuse",
        "homebrew-services": "homebrew-services",
        "just": "just",
        "mac-app-util": "mac-app-util",
        "nix": "nix",
        "nix-homebrew": "nix-homebrew",
        "nixpkgs": "nixpkgs_2",
        "nixpkgs-23-11": "nixpkgs-23-11",
        "nixpkgs-23-11-hoisted": "nixpkgs-23-11-hoisted",
        "nixpkgs-23_05": "nixpkgs-23_05",
        "nixpkgs-24_05": "nixpkgs-24_05",
        "nixpkgs-git": [
          "nixpkgs"
        ],
        "nixpkgs-hoisted": "nixpkgs-hoisted",
        "nixpkgs-hoisted-2": "nixpkgs-hoisted-2",
        "nixpkgs-hoisted-3": "nixpkgs-hoisted-3",
        "nixpkgs-hoisted-4": "nixpkgs-hoisted-4",
        "nixpkgs-hoisted-5": "nixpkgs-hoisted-5",
        "nixpkgs-hoisted-hoisted": "nixpkgs-hoisted-hoisted",
        "nixpkgs-lib": "nixpkgs-lib",
        "nixpkgs-regression": "nixpkgs-regression",
        "nixpkgs-regression-hoisted": "nixpkgs-regression-hoisted",
        "nixpkgs-terraform": "nixpkgs-terraform",
        "nur": "nur",
        "opencode": "opencode",
        "stable": [
          "nixpkgs"
        ],
        "systems": "systems",
        "systems-hoisted": "systems-hoisted",
        "treefmt-nix": "treefmt-nix"
      }
    },
    "rust-analyzer-src": {
      "flake": false,
      "locked": {
        "lastModified": 1781714865,
        "narHash": "sha256-NIhErKpfs4EUx8N4x8yNYG8/vTzKv9cQn5QmuQI83jM=",
        "owner": "rust-lang",
        "repo": "rust-analyzer",
        "rev": "abb1301c3c14a40645bb2588b1cc858fe374b527",
        "type": "github"
      },
      "original": {
        "owner": "rust-lang",
        "ref": "nightly",
        "repo": "rust-analyzer",
        "type": "github"
      }
    },
    "systems": {
      "locked": {
        "lastModified": 1681028828,
        "narHash": "sha256-Vy1rq5AaRuLzOxct8nz4T6wlgyUR7zLU309k9mBC768=",
        "owner": "nix-systems",
        "repo": "default",
        "rev": "da67096a3b9bf56a91d16901293e51ba5b49a27e",
        "type": "github"
      },
      "original": {
        "owner": "nix-systems",
        "repo": "default",
        "type": "github"
      }
    },
    "systems-hoisted": {
      "locked": {
        "lastModified": 1689347925,
        "narHash": "sha256-ozenz5bFe1UUqOn7f60HRmgc01BgTGIKZ4Xl+HbocGQ=",
        "owner": "nix-systems",
        "repo": "default-darwin",
        "rev": "2235d7e6cc29ae99878133c95e9fe5e157661ffb",
        "type": "github"
      },
      "original": {
        "owner": "nix-systems",
        "repo": "default-darwin",
        "type": "github"
      }
    },
    "treefmt-nix": {
      "inputs": {
        "nixpkgs": [
          "nixpkgs-hoisted-hoisted"
        ]
      },
      "locked": {
        "lastModified": 1780220602,
        "narHash": "sha256-eynAfOmbmxJnkp7YewvCEbShNnnYJ9gLLqkzsYtBPeM=",
        "owner": "numtide",
        "repo": "treefmt-nix",
        "rev": "db947814a175b7ca6ded66e21383d938df01c227",
        "type": "github"
      },
      "original": {
        "owner": "numtide",
        "repo": "treefmt-nix",
        "type": "github"
      }
    }
  },
  "root": "root",
  "version": 7
}
